// !$*UTF8*$!
{
	archiveVersion = 1;
	classes = {
	};
	objectVersion = 46;
	objects = {

/* Begin PBXBuildFile section */
		B588274A1F40E44100C07AEB /* AppDelegate.m in Sources */ = {isa = PBXBuildFile; fileRef = B58827491F40E44100C07AEB /* AppDelegate.m */; };
		B588274D1F40E44100C07AEB /* main.m in Sources */ = {isa = PBXBuildFile; fileRef = B588274C1F40E44100C07AEB /* main.m */; };
		B588274F1F40E44100C07AEB /* Assets.xcassets in Resources */ = {isa = PBXBuildFile; fileRef = B588274E1F40E44100C07AEB /* Assets.xcassets */; };
		B58827521F40E44100C07AEB /* MainMenu.xib in Resources */ = {isa = PBXBuildFile; fileRef = B58827501F40E44100C07AEB /* MainMenu.xib */; };
		B5882A2C1F40EC1B00C07AEB /* Colour.cpp in Sources */ = {isa = PBXBuildFile; fileRef = B58829F91F40EC1B00C07AEB /* Colour.cpp */; };
		B5882A2D1F40EC1B00C07AEB /* Controller.cpp in Sources */ = {isa = PBXBuildFile; fileRef = B58829FB1F40EC1B00C07AEB /* Controller.cpp */; };
		B5882A2E1F40EC1B00C07AEB /* DObj.cpp in Sources */ = {isa = PBXBuildFile; fileRef = B58829FD1F40EC1B00C07AEB /* DObj.cpp */; };
		B5882A2F1F40EC1B00C07AEB /* Event.cpp in Sources */ = {isa = PBXBuildFile; fileRef = B58829FF1F40EC1B00C07AEB /* Event.cpp */; };
		B5882A301F40EC1B00C07AEB /* GameState.cpp in Sources */ = {isa = PBXBuildFile; fileRef = B5882A011F40EC1B00C07AEB /* GameState.cpp */; };
		B5882A311F40EC1B00C07AEB /* GenericRetro.cpp in Sources */ = {isa = PBXBuildFile; fileRef = B5882A031F40EC1B00C07AEB /* GenericRetro.cpp */; };
		B5882A331F40EC1B00C07AEB /* Log.cpp in Sources */ = {isa = PBXBuildFile; fileRef = B5882A071F40EC1B00C07AEB /* Log.cpp */; };
		B5882A341F40EC1B00C07AEB /* MacOSXClasses.m in Sources */ = {isa = PBXBuildFile; fileRef = B5882A0A1F40EC1B00C07AEB /* MacOSXClasses.m */; };
		B5882A351F40EC1B00C07AEB /* MegaTexture.cpp in Sources */ = {isa = PBXBuildFile; fileRef = B5882A0B1F40EC1B00C07AEB /* MegaTexture.cpp */; };
		B5882A361F40EC1B00C07AEB /* Messenger.cpp in Sources */ = {isa = PBXBuildFile; fileRef = B5882A0D1F40EC1B00C07AEB /* Messenger.cpp */; };
		B5882A371F40EC1B00C07AEB /* mtrand.cpp in Sources */ = {isa = PBXBuildFile; fileRef = B5882A101F40EC1B00C07AEB /* mtrand.cpp */; };
		B5882A381F40EC1B00C07AEB /* Mutex.cpp in Sources */ = {isa = PBXBuildFile; fileRef = B5882A121F40EC1B00C07AEB /* Mutex.cpp */; };
		B5882A391F40EC1B00C07AEB /* NavMap.cpp in Sources */ = {isa = PBXBuildFile; fileRef = B5882A141F40EC1B00C07AEB /* NavMap.cpp */; };
		B5882A3A1F40EC1B00C07AEB /* Positioner.cpp in Sources */ = {isa = PBXBuildFile; fileRef = B5882A171F40EC1B00C07AEB /* Positioner.cpp */; };
		B5882A3B1F40EC1B00C07AEB /* Rand.cpp in Sources */ = {isa = PBXBuildFile; fileRef = B5882A191F40EC1B00C07AEB /* Rand.cpp */; };
		B5882A3C1F40EC1B00C07AEB /* Texture.cpp in Sources */ = {isa = PBXBuildFile; fileRef = B5882A1B1F40EC1B00C07AEB /* Texture.cpp */; };
		B5882A3D1F40EC1B00C07AEB /* Timer.cpp in Sources */ = {isa = PBXBuildFile; fileRef = B5882A1D1F40EC1B00C07AEB /* Timer.cpp */; };
		B5882A3E1F40EC1B00C07AEB /* types.cpp in Sources */ = {isa = PBXBuildFile; fileRef = B5882A1F1F40EC1B00C07AEB /* types.cpp */; };
		B5882A3F1F40EC1B00C07AEB /* UIElement.cpp in Sources */ = {isa = PBXBuildFile; fileRef = B5882A211F40EC1B00C07AEB /* UIElement.cpp */; };
		B5882A401F40EC1B00C07AEB /* UIView.cpp in Sources */ = {isa = PBXBuildFile; fileRef = B5882A231F40EC1B00C07AEB /* UIView.cpp */; };
		B5882A411F40EC1B00C07AEB /* UpdateTimer.cpp in Sources */ = {isa = PBXBuildFile; fileRef = B5882A251F40EC1B00C07AEB /* UpdateTimer.cpp */; };
		B5882A421F40EC1B00C07AEB /* View.cpp in Sources */ = {isa = PBXBuildFile; fileRef = B5882A271F40EC1B00C07AEB /* View.cpp */; };
		B5882A431F40EC1B00C07AEB /* Window.cpp in Sources */ = {isa = PBXBuildFile; fileRef = B5882A2A1F40EC1B00C07AEB /* Window.cpp */; };
		B5882A751F422AB100C07AEB /* image_DXT.c in Sources */ = {isa = PBXBuildFile; fileRef = B5882A671F422AB100C07AEB /* image_DXT.c */; };
		B5882A761F422AB100C07AEB /* image_helper.c in Sources */ = {isa = PBXBuildFile; fileRef = B5882A691F422AB100C07AEB /* image_helper.c */; };
		B5882A791F422AB100C07AEB /* SOIL.c in Sources */ = {isa = PBXBuildFile; fileRef = B5882A6E1F422AB100C07AEB /* SOIL.c */; };
		B5882A7A1F422AB100C07AEB /* stb_image_aug.c in Sources */ = {isa = PBXBuildFile; fileRef = B5882A701F422AB100C07AEB /* stb_image_aug.c */; };
		B5882A801F422CA300C07AEB /* LuaObj.cpp in Sources */ = {isa = PBXBuildFile; fileRef = B5882A7D1F422CA300C07AEB /* LuaObj.cpp */; };
		E2FA97F82015E59A005B1142 /* PongView.cpp in Sources */ = {isa = PBXBuildFile; fileRef = E2FA97F62015E599005B1142 /* PongView.cpp */; };
		E2FA98352015E5CF005B1142 /* lapi.c in Sources */ = {isa = PBXBuildFile; fileRef = E2FA97FA2015E5CF005B1142 /* lapi.c */; };
		E2FA98362015E5CF005B1142 /* lauxlib.c in Sources */ = {isa = PBXBuildFile; fileRef = E2FA97FC2015E5CF005B1142 /* lauxlib.c */; };
		E2FA98372015E5CF005B1142 /* lbaselib.c in Sources */ = {isa = PBXBuildFile; fileRef = E2FA97FE2015E5CF005B1142 /* lbaselib.c */; };
		E2FA98382015E5CF005B1142 /* lbitlib.c in Sources */ = {isa = PBXBuildFile; fileRef = E2FA97FF2015E5CF005B1142 /* lbitlib.c */; };
		E2FA98392015E5CF005B1142 /* lcode.c in Sources */ = {isa = PBXBuildFile; fileRef = E2FA98002015E5CF005B1142 /* lcode.c */; };
		E2FA983A2015E5CF005B1142 /* lcorolib.c in Sources */ = {isa = PBXBuildFile; fileRef = E2FA98022015E5CF005B1142 /* lcorolib.c */; };
		E2FA983B2015E5CF005B1142 /* lctype.c in Sources */ = {isa = PBXBuildFile; fileRef = E2FA98032015E5CF005B1142 /* lctype.c */; };
		E2FA983C2015E5CF005B1142 /* ldblib.c in Sources */ = {isa = PBXBuildFile; fileRef = E2FA98052015E5CF005B1142 /* ldblib.c */; };
		E2FA983D2015E5CF005B1142 /* ldebug.c in Sources */ = {isa = PBXBuildFile; fileRef = E2FA98062015E5CF005B1142 /* ldebug.c */; };
		E2FA983E2015E5CF005B1142 /* ldo.c in Sources */ = {isa = PBXBuildFile; fileRef = E2FA98082015E5CF005B1142 /* ldo.c */; };
		E2FA983F2015E5CF005B1142 /* ldump.c in Sources */ = {isa = PBXBuildFile; fileRef = E2FA980A2015E5CF005B1142 /* ldump.c */; };
		E2FA98402015E5CF005B1142 /* lfunc.c in Sources */ = {isa = PBXBuildFile; fileRef = E2FA980B2015E5CF005B1142 /* lfunc.c */; };
		E2FA98412015E5CF005B1142 /* lgc.c in Sources */ = {isa = PBXBuildFile; fileRef = E2FA980D2015E5CF005B1142 /* lgc.c */; };
		E2FA98422015E5CF005B1142 /* linit.c in Sources */ = {isa = PBXBuildFile; fileRef = E2FA980F2015E5CF005B1142 /* linit.c */; };
		E2FA98432015E5CF005B1142 /* liolib.c in Sources */ = {isa = PBXBuildFile; fileRef = E2FA98102015E5CF005B1142 /* liolib.c */; };
		E2FA98442015E5CF005B1142 /* llex.c in Sources */ = {isa = PBXBuildFile; fileRef = E2FA98112015E5CF005B1142 /* llex.c */; };
		E2FA98452015E5CF005B1142 /* lmathlib.c in Sources */ = {isa = PBXBuildFile; fileRef = E2FA98142015E5CF005B1142 /* lmathlib.c */; };
		E2FA98462015E5CF005B1142 /* lmem.c in Sources */ = {isa = PBXBuildFile; fileRef = E2FA98152015E5CF005B1142 /* lmem.c */; };
		E2FA98472015E5CF005B1142 /* loadlib.c in Sources */ = {isa = PBXBuildFile; fileRef = E2FA98172015E5CF005B1142 /* loadlib.c */; };
		E2FA98482015E5CF005B1142 /* lobject.c in Sources */ = {isa = PBXBuildFile; fileRef = E2FA98182015E5CF005B1142 /* lobject.c */; };
		E2FA98492015E5CF005B1142 /* lopcodes.c in Sources */ = {isa = PBXBuildFile; fileRef = E2FA981A2015E5CF005B1142 /* lopcodes.c */; };
		E2FA984A2015E5CF005B1142 /* loslib.c in Sources */ = {isa = PBXBuildFile; fileRef = E2FA981C2015E5CF005B1142 /* loslib.c */; };
		E2FA984B2015E5CF005B1142 /* lparser.c in Sources */ = {isa = PBXBuildFile; fileRef = E2FA981D2015E5CF005B1142 /* lparser.c */; };
		E2FA984C2015E5CF005B1142 /* lstate.c in Sources */ = {isa = PBXBuildFile; fileRef = E2FA981F2015E5CF005B1142 /* lstate.c */; };
		E2FA984D2015E5CF005B1142 /* lstring.c in Sources */ = {isa = PBXBuildFile; fileRef = E2FA98212015E5CF005B1142 /* lstring.c */; };
		E2FA984E2015E5CF005B1142 /* lstrlib.c in Sources */ = {isa = PBXBuildFile; fileRef = E2FA98232015E5CF005B1142 /* lstrlib.c */; };
		E2FA984F2015E5CF005B1142 /* ltable.c in Sources */ = {isa = PBXBuildFile; fileRef = E2FA98242015E5CF005B1142 /* ltable.c */; };
		E2FA98502015E5CF005B1142 /* ltablib.c in Sources */ = {isa = PBXBuildFile; fileRef = E2FA98262015E5CF005B1142 /* ltablib.c */; };
		E2FA98512015E5CF005B1142 /* ltm.c in Sources */ = {isa = PBXBuildFile; fileRef = E2FA98272015E5CF005B1142 /* ltm.c */; };
		E2FA98542015E5CF005B1142 /* lundump.c in Sources */ = {isa = PBXBuildFile; fileRef = E2FA982F2015E5CF005B1142 /* lundump.c */; };
		E2FA98552015E5CF005B1142 /* lvm.c in Sources */ = {isa = PBXBuildFile; fileRef = E2FA98312015E5CF005B1142 /* lvm.c */; };
		E2FA98562015E5CF005B1142 /* lzio.c in Sources */ = {isa = PBXBuildFile; fileRef = E2FA98332015E5CF005B1142 /* lzio.c */; };
/* End PBXBuildFile section */

/* Begin PBXCopyFilesBuildPhase section */
		B5882A471F40F13800C07AEB /* CopyFiles */ = {
			isa = PBXCopyFilesBuildPhase;
			buildActionMask = 2147483647;
			dstPath = "";
			dstSubfolderSpec = 10;
			files = (
			);
			runOnlyForDeploymentPostprocessing = 0;
		};
/* End PBXCopyFilesBuildPhase section */

/* Begin PBXFileReference section */
		B58827451F40E44100C07AEB /* WPong.app */ = {isa = PBXFileReference; explicitFileType = wrapper.application; includeInIndex = 0; path = WPong.app; sourceTree = BUILT_PRODUCTS_DIR; };
		B58827481F40E44100C07AEB /* AppDelegate.h */ = {isa = PBXFileReference; lastKnownFileType = sourcecode.c.h; path = AppDelegate.h; sourceTree = "<group>"; };
		B58827491F40E44100C07AEB /* AppDelegate.m */ = {isa = PBXFileReference; explicitFileType = sourcecode.cpp.objcpp; path = AppDelegate.m; sourceTree = "<group>"; };
		B588274C1F40E44100C07AEB /* main.m */ = {isa = PBXFileReference; lastKnownFileType = sourcecode.c.objc; path = main.m; sourceTree = "<group>"; };
		B588274E1F40E44100C07AEB /* Assets.xcassets */ = {isa = PBXFileReference; lastKnownFileType = folder.assetcatalog; path = Assets.xcassets; sourceTree = "<group>"; };
		B58827511F40E44100C07AEB /* Base */ = {isa = PBXFileReference; lastKnownFileType = file.xib; name = Base; path = Base.lproj/MainMenu.xib; sourceTree = "<group>"; };
		B58827531F40E44100C07AEB /* Info.plist */ = {isa = PBXFileReference; lastKnownFileType = text.plist.xml; path = Info.plist; sourceTree = "<group>"; };
		B58829F81F40EC1B00C07AEB /* Callback.h */ = {isa = PBXFileReference; fileEncoding = 4; lastKnownFileType = sourcecode.c.h; path = Callback.h; sourceTree = "<group>"; };
		B58829F91F40EC1B00C07AEB /* Colour.cpp */ = {isa = PBXFileReference; fileEncoding = 4; lastKnownFileType = sourcecode.cpp.cpp; path = Colour.cpp; sourceTree = "<group>"; };
		B58829FA1F40EC1B00C07AEB /* Colour.h */ = {isa = PBXFileReference; fileEncoding = 4; lastKnownFileType = sourcecode.c.h; path = Colour.h; sourceTree = "<group>"; };
		B58829FB1F40EC1B00C07AEB /* Controller.cpp */ = {isa = PBXFileReference; explicitFileType = sourcecode.cpp.objcpp; fileEncoding = 4; path = Controller.cpp; sourceTree = "<group>"; };
		B58829FC1F40EC1B00C07AEB /* Controller.h */ = {isa = PBXFileReference; fileEncoding = 4; lastKnownFileType = sourcecode.c.h; path = Controller.h; sourceTree = "<group>"; };
		B58829FD1F40EC1B00C07AEB /* DObj.cpp */ = {isa = PBXFileReference; fileEncoding = 4; lastKnownFileType = sourcecode.cpp.cpp; path = DObj.cpp; sourceTree = "<group>"; };
		B58829FE1F40EC1B00C07AEB /* DObj.h */ = {isa = PBXFileReference; fileEncoding = 4; lastKnownFileType = sourcecode.c.h; path = DObj.h; sourceTree = "<group>"; };
		B58829FF1F40EC1B00C07AEB /* Event.cpp */ = {isa = PBXFileReference; explicitFileType = sourcecode.cpp.objcpp; fileEncoding = 4; path = Event.cpp; sourceTree = "<group>"; };
		B5882A001F40EC1B00C07AEB /* Event.h */ = {isa = PBXFileReference; fileEncoding = 4; lastKnownFileType = sourcecode.c.h; path = Event.h; sourceTree = "<group>"; };
		B5882A011F40EC1B00C07AEB /* GameState.cpp */ = {isa = PBXFileReference; fileEncoding = 4; lastKnownFileType = sourcecode.cpp.cpp; path = GameState.cpp; sourceTree = "<group>"; };
		B5882A021F40EC1B00C07AEB /* GameState.h */ = {isa = PBXFileReference; fileEncoding = 4; lastKnownFileType = sourcecode.c.h; path = GameState.h; sourceTree = "<group>"; };
		B5882A031F40EC1B00C07AEB /* GenericRetro.cpp */ = {isa = PBXFileReference; fileEncoding = 4; lastKnownFileType = sourcecode.cpp.cpp; path = GenericRetro.cpp; sourceTree = "<group>"; };
		B5882A041F40EC1B00C07AEB /* GenericRetro.h */ = {isa = PBXFileReference; fileEncoding = 4; lastKnownFileType = sourcecode.c.h; path = GenericRetro.h; sourceTree = "<group>"; };
		B5882A071F40EC1B00C07AEB /* Log.cpp */ = {isa = PBXFileReference; fileEncoding = 4; lastKnownFileType = sourcecode.cpp.cpp; path = Log.cpp; sourceTree = "<group>"; };
		B5882A081F40EC1B00C07AEB /* Log.h */ = {isa = PBXFileReference; fileEncoding = 4; lastKnownFileType = sourcecode.c.h; path = Log.h; sourceTree = "<group>"; };
		B5882A091F40EC1B00C07AEB /* MacOSXClasses.h */ = {isa = PBXFileReference; fileEncoding = 4; lastKnownFileType = sourcecode.c.h; path = MacOSXClasses.h; sourceTree = "<group>"; };
		B5882A0A1F40EC1B00C07AEB /* MacOSXClasses.m */ = {isa = PBXFileReference; explicitFileType = sourcecode.cpp.objcpp; fileEncoding = 4; path = MacOSXClasses.m; sourceTree = "<group>"; };
		B5882A0B1F40EC1B00C07AEB /* MegaTexture.cpp */ = {isa = PBXFileReference; fileEncoding = 4; lastKnownFileType = sourcecode.cpp.cpp; path = MegaTexture.cpp; sourceTree = "<group>"; };
		B5882A0C1F40EC1B00C07AEB /* MegaTexture.h */ = {isa = PBXFileReference; fileEncoding = 4; lastKnownFileType = sourcecode.c.h; path = MegaTexture.h; sourceTree = "<group>"; };
		B5882A0D1F40EC1B00C07AEB /* Messenger.cpp */ = {isa = PBXFileReference; fileEncoding = 4; lastKnownFileType = sourcecode.cpp.cpp; path = Messenger.cpp; sourceTree = "<group>"; };
		B5882A0E1F40EC1B00C07AEB /* Messenger.h */ = {isa = PBXFileReference; fileEncoding = 4; lastKnownFileType = sourcecode.c.h; path = Messenger.h; sourceTree = "<group>"; };
		B5882A0F1F40EC1B00C07AEB /* MisterHeapy.h */ = {isa = PBXFileReference; fileEncoding = 4; lastKnownFileType = sourcecode.c.h; path = MisterHeapy.h; sourceTree = "<group>"; };
		B5882A101F40EC1B00C07AEB /* mtrand.cpp */ = {isa = PBXFileReference; fileEncoding = 4; lastKnownFileType = sourcecode.cpp.cpp; path = mtrand.cpp; sourceTree = "<group>"; };
		B5882A111F40EC1B00C07AEB /* mtrand.h */ = {isa = PBXFileReference; fileEncoding = 4; lastKnownFileType = sourcecode.c.h; path = mtrand.h; sourceTree = "<group>"; };
		B5882A121F40EC1B00C07AEB /* Mutex.cpp */ = {isa = PBXFileReference; fileEncoding = 4; lastKnownFileType = sourcecode.cpp.cpp; path = Mutex.cpp; sourceTree = "<group>"; };
		B5882A131F40EC1B00C07AEB /* Mutex.h */ = {isa = PBXFileReference; fileEncoding = 4; lastKnownFileType = sourcecode.c.h; path = Mutex.h; sourceTree = "<group>"; };
		B5882A141F40EC1B00C07AEB /* NavMap.cpp */ = {isa = PBXFileReference; fileEncoding = 4; lastKnownFileType = sourcecode.cpp.cpp; path = NavMap.cpp; sourceTree = "<group>"; };
		B5882A151F40EC1B00C07AEB /* NavMap.h */ = {isa = PBXFileReference; fileEncoding = 4; lastKnownFileType = sourcecode.c.h; path = NavMap.h; sourceTree = "<group>"; };
		B5882A161F40EC1B00C07AEB /* oglInclude.h */ = {isa = PBXFileReference; fileEncoding = 4; lastKnownFileType = sourcecode.c.h; path = oglInclude.h; sourceTree = "<group>"; };
		B5882A171F40EC1B00C07AEB /* Positioner.cpp */ = {isa = PBXFileReference; fileEncoding = 4; lastKnownFileType = sourcecode.cpp.cpp; path = Positioner.cpp; sourceTree = "<group>"; };
		B5882A181F40EC1B00C07AEB /* Positioner.h */ = {isa = PBXFileReference; fileEncoding = 4; lastKnownFileType = sourcecode.c.h; path = Positioner.h; sourceTree = "<group>"; };
		B5882A191F40EC1B00C07AEB /* Rand.cpp */ = {isa = PBXFileReference; fileEncoding = 4; lastKnownFileType = sourcecode.cpp.cpp; path = Rand.cpp; sourceTree = "<group>"; };
		B5882A1A1F40EC1B00C07AEB /* Rand.h */ = {isa = PBXFileReference; fileEncoding = 4; lastKnownFileType = sourcecode.c.h; path = Rand.h; sourceTree = "<group>"; };
		B5882A1B1F40EC1B00C07AEB /* Texture.cpp */ = {isa = PBXFileReference; fileEncoding = 4; lastKnownFileType = sourcecode.cpp.cpp; path = Texture.cpp; sourceTree = "<group>"; };
		B5882A1C1F40EC1B00C07AEB /* Texture.h */ = {isa = PBXFileReference; fileEncoding = 4; lastKnownFileType = sourcecode.c.h; path = Texture.h; sourceTree = "<group>"; };
		B5882A1D1F40EC1B00C07AEB /* Timer.cpp */ = {isa = PBXFileReference; fileEncoding = 4; lastKnownFileType = sourcecode.cpp.cpp; path = Timer.cpp; sourceTree = "<group>"; };
		B5882A1E1F40EC1B00C07AEB /* Timer.h */ = {isa = PBXFileReference; fileEncoding = 4; lastKnownFileType = sourcecode.c.h; path = Timer.h; sourceTree = "<group>"; };
		B5882A1F1F40EC1B00C07AEB /* types.cpp */ = {isa = PBXFileReference; explicitFileType = sourcecode.cpp.objcpp; fileEncoding = 4; path = types.cpp; sourceTree = "<group>"; };
		B5882A201F40EC1B00C07AEB /* types.h */ = {isa = PBXFileReference; fileEncoding = 4; lastKnownFileType = sourcecode.c.h; path = types.h; sourceTree = "<group>"; };
		B5882A211F40EC1B00C07AEB /* UIElement.cpp */ = {isa = PBXFileReference; fileEncoding = 4; lastKnownFileType = sourcecode.cpp.cpp; path = UIElement.cpp; sourceTree = "<group>"; };
		B5882A221F40EC1B00C07AEB /* UIElement.h */ = {isa = PBXFileReference; fileEncoding = 4; lastKnownFileType = sourcecode.c.h; path = UIElement.h; sourceTree = "<group>"; };
		B5882A231F40EC1B00C07AEB /* UIView.cpp */ = {isa = PBXFileReference; fileEncoding = 4; lastKnownFileType = sourcecode.cpp.cpp; path = UIView.cpp; sourceTree = "<group>"; };
		B5882A241F40EC1B00C07AEB /* UIView.h */ = {isa = PBXFileReference; fileEncoding = 4; lastKnownFileType = sourcecode.c.h; path = UIView.h; sourceTree = "<group>"; };
		B5882A251F40EC1B00C07AEB /* UpdateTimer.cpp */ = {isa = PBXFileReference; explicitFileType = sourcecode.cpp.objcpp; fileEncoding = 4; path = UpdateTimer.cpp; sourceTree = "<group>"; };
		B5882A261F40EC1B00C07AEB /* UpdateTimer.h */ = {isa = PBXFileReference; fileEncoding = 4; lastKnownFileType = sourcecode.c.h; path = UpdateTimer.h; sourceTree = "<group>"; };
		B5882A271F40EC1B00C07AEB /* View.cpp */ = {isa = PBXFileReference; fileEncoding = 4; lastKnownFileType = sourcecode.cpp.cpp; path = View.cpp; sourceTree = "<group>"; };
		B5882A281F40EC1B00C07AEB /* View.h */ = {isa = PBXFileReference; fileEncoding = 4; lastKnownFileType = sourcecode.c.h; path = View.h; sourceTree = "<group>"; };
		B5882A291F40EC1B00C07AEB /* W.h */ = {isa = PBXFileReference; fileEncoding = 4; lastKnownFileType = sourcecode.c.h; path = W.h; sourceTree = "<group>"; };
		B5882A2A1F40EC1B00C07AEB /* Window.cpp */ = {isa = PBXFileReference; explicitFileType = sourcecode.cpp.objcpp; fileEncoding = 4; path = Window.cpp; sourceTree = "<group>"; };
		B5882A2B1F40EC1B00C07AEB /* Window.h */ = {isa = PBXFileReference; fileEncoding = 4; lastKnownFileType = sourcecode.c.h; path = Window.h; sourceTree = "<group>"; };
		B5882A671F422AB100C07AEB /* image_DXT.c */ = {isa = PBXFileReference; fileEncoding = 4; lastKnownFileType = sourcecode.c.c; path = image_DXT.c; sourceTree = "<group>"; };
		B5882A681F422AB100C07AEB /* image_DXT.h */ = {isa = PBXFileReference; fileEncoding = 4; lastKnownFileType = sourcecode.c.h; path = image_DXT.h; sourceTree = "<group>"; };
		B5882A691F422AB100C07AEB /* image_helper.c */ = {isa = PBXFileReference; fileEncoding = 4; lastKnownFileType = sourcecode.c.c; path = image_helper.c; sourceTree = "<group>"; };
		B5882A6A1F422AB100C07AEB /* image_helper.h */ = {isa = PBXFileReference; fileEncoding = 4; lastKnownFileType = sourcecode.c.h; path = image_helper.h; sourceTree = "<group>"; };
		B5882A6E1F422AB100C07AEB /* SOIL.c */ = {isa = PBXFileReference; fileEncoding = 4; lastKnownFileType = sourcecode.c.c; path = SOIL.c; sourceTree = "<group>"; };
		B5882A6F1F422AB100C07AEB /* SOIL.h */ = {isa = PBXFileReference; fileEncoding = 4; lastKnownFileType = sourcecode.c.h; path = SOIL.h; sourceTree = "<group>"; };
		B5882A701F422AB100C07AEB /* stb_image_aug.c */ = {isa = PBXFileReference; fileEncoding = 4; lastKnownFileType = sourcecode.c.c; path = stb_image_aug.c; sourceTree = "<group>"; };
		B5882A711F422AB100C07AEB /* stb_image_aug.h */ = {isa = PBXFileReference; fileEncoding = 4; lastKnownFileType = sourcecode.c.h; path = stb_image_aug.h; sourceTree = "<group>"; };
		B5882A721F422AB100C07AEB /* stbi_DDS_aug.h */ = {isa = PBXFileReference; fileEncoding = 4; lastKnownFileType = sourcecode.c.h; path = stbi_DDS_aug.h; sourceTree = "<group>"; };
		B5882A731F422AB100C07AEB /* stbi_DDS_aug_c.h */ = {isa = PBXFileReference; fileEncoding = 4; lastKnownFileType = sourcecode.c.h; path = stbi_DDS_aug_c.h; sourceTree = "<group>"; };
		B5882A7D1F422CA300C07AEB /* LuaObj.cpp */ = {isa = PBXFileReference; fileEncoding = 4; lastKnownFileType = sourcecode.cpp.cpp; path = LuaObj.cpp; sourceTree = "<group>"; };
		B5882A7E1F422CA300C07AEB /* LuaObj.h */ = {isa = PBXFileReference; fileEncoding = 4; lastKnownFileType = sourcecode.c.h; path = LuaObj.h; sourceTree = "<group>"; };
		E2FA97F52015E599005B1142 /* PongView.h */ = {isa = PBXFileReference; fileEncoding = 4; lastKnownFileType = sourcecode.c.h; name = PongView.h; path = ../../PongView.h; sourceTree = "<group>"; };
		E2FA97F62015E599005B1142 /* PongView.cpp */ = {isa = PBXFileReference; fileEncoding = 4; lastKnownFileType = sourcecode.cpp.cpp; name = PongView.cpp; path = ../../PongView.cpp; sourceTree = "<group>"; };
		E2FA97F72015E599005B1142 /* PongState.h */ = {isa = PBXFileReference; fileEncoding = 4; lastKnownFileType = sourcecode.c.h; name = PongState.h; path = ../../PongState.h; sourceTree = "<group>"; };
		E2FA97FA2015E5CF005B1142 /* lapi.c */ = {isa = PBXFileReference; fileEncoding = 4; lastKnownFileType = sourcecode.c.c; path = lapi.c; sourceTree = "<group>"; };
		E2FA97FB2015E5CF005B1142 /* lapi.h */ = {isa = PBXFileReference; fileEncoding = 4; lastKnownFileType = sourcecode.c.h; path = lapi.h; sourceTree = "<group>"; };
		E2FA97FC2015E5CF005B1142 /* lauxlib.c */ = {isa = PBXFileReference; fileEncoding = 4; lastKnownFileType = sourcecode.c.c; path = lauxlib.c; sourceTree = "<group>"; };
		E2FA97FD2015E5CF005B1142 /* lauxlib.h */ = {isa = PBXFileReference; fileEncoding = 4; lastKnownFileType = sourcecode.c.h; path = lauxlib.h; sourceTree = "<group>"; };
		E2FA97FE2015E5CF005B1142 /* lbaselib.c */ = {isa = PBXFileReference; fileEncoding = 4; lastKnownFileType = sourcecode.c.c; path = lbaselib.c; sourceTree = "<group>"; };
		E2FA97FF2015E5CF005B1142 /* lbitlib.c */ = {isa = PBXFileReference; fileEncoding = 4; lastKnownFileType = sourcecode.c.c; path = lbitlib.c; sourceTree = "<group>"; };
		E2FA98002015E5CF005B1142 /* lcode.c */ = {isa = PBXFileReference; fileEncoding = 4; lastKnownFileType = sourcecode.c.c; path = lcode.c; sourceTree = "<group>"; };
		E2FA98012015E5CF005B1142 /* lcode.h */ = {isa = PBXFileReference; fileEncoding = 4; lastKnownFileType = sourcecode.c.h; path = lcode.h; sourceTree = "<group>"; };
		E2FA98022015E5CF005B1142 /* lcorolib.c */ = {isa = PBXFileReference; fileEncoding = 4; lastKnownFileType = sourcecode.c.c; path = lcorolib.c; sourceTree = "<group>"; };
		E2FA98032015E5CF005B1142 /* lctype.c */ = {isa = PBXFileReference; fileEncoding = 4; lastKnownFileType = sourcecode.c.c; path = lctype.c; sourceTree = "<group>"; };
		E2FA98042015E5CF005B1142 /* lctype.h */ = {isa = PBXFileReference; fileEncoding = 4; lastKnownFileType = sourcecode.c.h; path = lctype.h; sourceTree = "<group>"; };
		E2FA98052015E5CF005B1142 /* ldblib.c */ = {isa = PBXFileReference; fileEncoding = 4; lastKnownFileType = sourcecode.c.c; path = ldblib.c; sourceTree = "<group>"; };
		E2FA98062015E5CF005B1142 /* ldebug.c */ = {isa = PBXFileReference; fileEncoding = 4; lastKnownFileType = sourcecode.c.c; path = ldebug.c; sourceTree = "<group>"; };
		E2FA98072015E5CF005B1142 /* ldebug.h */ = {isa = PBXFileReference; fileEncoding = 4; lastKnownFileType = sourcecode.c.h; path = ldebug.h; sourceTree = "<group>"; };
		E2FA98082015E5CF005B1142 /* ldo.c */ = {isa = PBXFileReference; fileEncoding = 4; lastKnownFileType = sourcecode.c.c; path = ldo.c; sourceTree = "<group>"; };
		E2FA98092015E5CF005B1142 /* ldo.h */ = {isa = PBXFileReference; fileEncoding = 4; lastKnownFileType = sourcecode.c.h; path = ldo.h; sourceTree = "<group>"; };
		E2FA980A2015E5CF005B1142 /* ldump.c */ = {isa = PBXFileReference; fileEncoding = 4; lastKnownFileType = sourcecode.c.c; path = ldump.c; sourceTree = "<group>"; };
		E2FA980B2015E5CF005B1142 /* lfunc.c */ = {isa = PBXFileReference; fileEncoding = 4; lastKnownFileType = sourcecode.c.c; path = lfunc.c; sourceTree = "<group>"; };
		E2FA980C2015E5CF005B1142 /* lfunc.h */ = {isa = PBXFileReference; fileEncoding = 4; lastKnownFileType = sourcecode.c.h; path = lfunc.h; sourceTree = "<group>"; };
		E2FA980D2015E5CF005B1142 /* lgc.c */ = {isa = PBXFileReference; fileEncoding = 4; lastKnownFileType = sourcecode.c.c; path = lgc.c; sourceTree = "<group>"; };
		E2FA980E2015E5CF005B1142 /* lgc.h */ = {isa = PBXFileReference; fileEncoding = 4; lastKnownFileType = sourcecode.c.h; path = lgc.h; sourceTree = "<group>"; };
		E2FA980F2015E5CF005B1142 /* linit.c */ = {isa = PBXFileReference; fileEncoding = 4; lastKnownFileType = sourcecode.c.c; path = linit.c; sourceTree = "<group>"; };
		E2FA98102015E5CF005B1142 /* liolib.c */ = {isa = PBXFileReference; fileEncoding = 4; lastKnownFileType = sourcecode.c.c; path = liolib.c; sourceTree = "<group>"; };
		E2FA98112015E5CF005B1142 /* llex.c */ = {isa = PBXFileReference; fileEncoding = 4; lastKnownFileType = sourcecode.c.c; path = llex.c; sourceTree = "<group>"; };
		E2FA98122015E5CF005B1142 /* llex.h */ = {isa = PBXFileReference; fileEncoding = 4; lastKnownFileType = sourcecode.c.h; path = llex.h; sourceTree = "<group>"; };
		E2FA98132015E5CF005B1142 /* llimits.h */ = {isa = PBXFileReference; fileEncoding = 4; lastKnownFileType = sourcecode.c.h; path = llimits.h; sourceTree = "<group>"; };
		E2FA98142015E5CF005B1142 /* lmathlib.c */ = {isa = PBXFileReference; fileEncoding = 4; lastKnownFileType = sourcecode.c.c; path = lmathlib.c; sourceTree = "<group>"; };
		E2FA98152015E5CF005B1142 /* lmem.c */ = {isa = PBXFileReference; fileEncoding = 4; lastKnownFileType = sourcecode.c.c; path = lmem.c; sourceTree = "<group>"; };
		E2FA98162015E5CF005B1142 /* lmem.h */ = {isa = PBXFileReference; fileEncoding = 4; lastKnownFileType = sourcecode.c.h; path = lmem.h; sourceTree = "<group>"; };
		E2FA98172015E5CF005B1142 /* loadlib.c */ = {isa = PBXFileReference; fileEncoding = 4; lastKnownFileType = sourcecode.c.c; path = loadlib.c; sourceTree = "<group>"; };
		E2FA98182015E5CF005B1142 /* lobject.c */ = {isa = PBXFileReference; fileEncoding = 4; lastKnownFileType = sourcecode.c.c; path = lobject.c; sourceTree = "<group>"; };
		E2FA98192015E5CF005B1142 /* lobject.h */ = {isa = PBXFileReference; fileEncoding = 4; lastKnownFileType = sourcecode.c.h; path = lobject.h; sourceTree = "<group>"; };
		E2FA981A2015E5CF005B1142 /* lopcodes.c */ = {isa = PBXFileReference; fileEncoding = 4; lastKnownFileType = sourcecode.c.c; path = lopcodes.c; sourceTree = "<group>"; };
		E2FA981B2015E5CF005B1142 /* lopcodes.h */ = {isa = PBXFileReference; fileEncoding = 4; lastKnownFileType = sourcecode.c.h; path = lopcodes.h; sourceTree = "<group>"; };
		E2FA981C2015E5CF005B1142 /* loslib.c */ = {isa = PBXFileReference; fileEncoding = 4; lastKnownFileType = sourcecode.c.c; path = loslib.c; sourceTree = "<group>"; };
		E2FA981D2015E5CF005B1142 /* lparser.c */ = {isa = PBXFileReference; fileEncoding = 4; lastKnownFileType = sourcecode.c.c; path = lparser.c; sourceTree = "<group>"; };
		E2FA981E2015E5CF005B1142 /* lparser.h */ = {isa = PBXFileReference; fileEncoding = 4; lastKnownFileType = sourcecode.c.h; path = lparser.h; sourceTree = "<group>"; };
		E2FA981F2015E5CF005B1142 /* lstate.c */ = {isa = PBXFileReference; fileEncoding = 4; lastKnownFileType = sourcecode.c.c; path = lstate.c; sourceTree = "<group>"; };
		E2FA98202015E5CF005B1142 /* lstate.h */ = {isa = PBXFileReference; fileEncoding = 4; lastKnownFileType = sourcecode.c.h; path = lstate.h; sourceTree = "<group>"; };
		E2FA98212015E5CF005B1142 /* lstring.c */ = {isa = PBXFileReference; fileEncoding = 4; lastKnownFileType = sourcecode.c.c; path = lstring.c; sourceTree = "<group>"; };
		E2FA98222015E5CF005B1142 /* lstring.h */ = {isa = PBXFileReference; fileEncoding = 4; lastKnownFileType = sourcecode.c.h; path = lstring.h; sourceTree = "<group>"; };
		E2FA98232015E5CF005B1142 /* lstrlib.c */ = {isa = PBXFileReference; fileEncoding = 4; lastKnownFileType = sourcecode.c.c; path = lstrlib.c; sourceTree = "<group>"; };
		E2FA98242015E5CF005B1142 /* ltable.c */ = {isa = PBXFileReference; fileEncoding = 4; lastKnownFileType = sourcecode.c.c; path = ltable.c; sourceTree = "<group>"; };
		E2FA98252015E5CF005B1142 /* ltable.h */ = {isa = PBXFileReference; fileEncoding = 4; lastKnownFileType = sourcecode.c.h; path = ltable.h; sourceTree = "<group>"; };
		E2FA98262015E5CF005B1142 /* ltablib.c */ = {isa = PBXFileReference; fileEncoding = 4; lastKnownFileType = sourcecode.c.c; path = ltablib.c; sourceTree = "<group>"; };
		E2FA98272015E5CF005B1142 /* ltm.c */ = {isa = PBXFileReference; fileEncoding = 4; lastKnownFileType = sourcecode.c.c; path = ltm.c; sourceTree = "<group>"; };
		E2FA98282015E5CF005B1142 /* ltm.h */ = {isa = PBXFileReference; fileEncoding = 4; lastKnownFileType = sourcecode.c.h; path = ltm.h; sourceTree = "<group>"; };
		E2FA982A2015E5CF005B1142 /* lua.h */ = {isa = PBXFileReference; fileEncoding = 4; lastKnownFileType = sourcecode.c.h; path = lua.h; sourceTree = "<group>"; };
		E2FA982B2015E5CF005B1142 /* lua.hpp */ = {isa = PBXFileReference; fileEncoding = 4; lastKnownFileType = sourcecode.cpp.h; path = lua.hpp; sourceTree = "<group>"; };
		E2FA982D2015E5CF005B1142 /* luaconf.h */ = {isa = PBXFileReference; fileEncoding = 4; lastKnownFileType = sourcecode.c.h; path = luaconf.h; sourceTree = "<group>"; };
		E2FA982E2015E5CF005B1142 /* lualib.h */ = {isa = PBXFileReference; fileEncoding = 4; lastKnownFileType = sourcecode.c.h; path = lualib.h; sourceTree = "<group>"; };
		E2FA982F2015E5CF005B1142 /* lundump.c */ = {isa = PBXFileReference; fileEncoding = 4; lastKnownFileType = sourcecode.c.c; path = lundump.c; sourceTree = "<group>"; };
		E2FA98302015E5CF005B1142 /* lundump.h */ = {isa = PBXFileReference; fileEncoding = 4; lastKnownFileType = sourcecode.c.h; path = lundump.h; sourceTree = "<group>"; };
		E2FA98312015E5CF005B1142 /* lvm.c */ = {isa = PBXFileReference; fileEncoding = 4; lastKnownFileType = sourcecode.c.c; path = lvm.c; sourceTree = "<group>"; };
		E2FA98322015E5CF005B1142 /* lvm.h */ = {isa = PBXFileReference; fileEncoding = 4; lastKnownFileType = sourcecode.c.h; path = lvm.h; sourceTree = "<group>"; };
		E2FA98332015E5CF005B1142 /* lzio.c */ = {isa = PBXFileReference; fileEncoding = 4; lastKnownFileType = sourcecode.c.c; path = lzio.c; sourceTree = "<group>"; };
		E2FA98342015E5CF005B1142 /* lzio.h */ = {isa = PBXFileReference; fileEncoding = 4; lastKnownFileType = sourcecode.c.h; path = lzio.h; sourceTree = "<group>"; };
/* End PBXFileReference section */

/* Begin PBXFrameworksBuildPhase section */
		B58827421F40E44100C07AEB /* Frameworks */ = {
			isa = PBXFrameworksBuildPhase;
			buildActionMask = 2147483647;
			files = (
			);
			runOnlyForDeploymentPostprocessing = 0;
		};
/* End PBXFrameworksBuildPhase section */

/* Begin PBXGroup section */
		B588273C1F40E44000C07AEB = {
			isa = PBXGroup;
			children = (
				B58827471F40E44100C07AEB /* WPong */,
				B58827461F40E44100C07AEB /* Products */,
				E2FA97F92015E5CF005B1142 /* lua */,
				B5882A7C1F422CA300C07AEB /* LuaObj */,
				B58829F71F40EC1B00C07AEB /* W */,
				B5882A661F422AB100C07AEB /* Soil */,
			);
			sourceTree = "<group>";
		};
		B58827461F40E44100C07AEB /* Products */ = {
			isa = PBXGroup;
			children = (
				B58827451F40E44100C07AEB /* WPong.app */,
			);
			name = Products;
			sourceTree = "<group>";
		};
		B58827471F40E44100C07AEB /* WPong */ = {
			isa = PBXGroup;
			children = (
				B58827481F40E44100C07AEB /* AppDelegate.h */,
				B58827491F40E44100C07AEB /* AppDelegate.m */,
				B588274E1F40E44100C07AEB /* Assets.xcassets */,
				B58827501F40E44100C07AEB /* MainMenu.xib */,
				B58827531F40E44100C07AEB /* Info.plist */,
				B588274B1F40E44100C07AEB /* Supporting Files */,
				E2FA97F72015E599005B1142 /* PongState.h */,
				E2FA97F62015E599005B1142 /* PongView.cpp */,
				E2FA97F52015E599005B1142 /* PongView.h */,
			);
			path = WPong;
			sourceTree = "<group>";
		};
		B588274B1F40E44100C07AEB /* Supporting Files */ = {
			isa = PBXGroup;
			children = (
				B588274C1F40E44100C07AEB /* main.m */,
			);
			name = "Supporting Files";
			sourceTree = "<group>";
		};
		B58829F71F40EC1B00C07AEB /* W */ = {
			isa = PBXGroup;
			children = (
				B58829F81F40EC1B00C07AEB /* Callback.h */,
				B58829F91F40EC1B00C07AEB /* Colour.cpp */,
				B58829FA1F40EC1B00C07AEB /* Colour.h */,
				B58829FB1F40EC1B00C07AEB /* Controller.cpp */,
				B58829FC1F40EC1B00C07AEB /* Controller.h */,
				B58829FD1F40EC1B00C07AEB /* DObj.cpp */,
				B58829FE1F40EC1B00C07AEB /* DObj.h */,
				B58829FF1F40EC1B00C07AEB /* Event.cpp */,
				B5882A001F40EC1B00C07AEB /* Event.h */,
				B5882A011F40EC1B00C07AEB /* GameState.cpp */,
				B5882A021F40EC1B00C07AEB /* GameState.h */,
				B5882A031F40EC1B00C07AEB /* GenericRetro.cpp */,
				B5882A041F40EC1B00C07AEB /* GenericRetro.h */,
				B5882A071F40EC1B00C07AEB /* Log.cpp */,
				B5882A081F40EC1B00C07AEB /* Log.h */,
				B5882A091F40EC1B00C07AEB /* MacOSXClasses.h */,
				B5882A0A1F40EC1B00C07AEB /* MacOSXClasses.m */,
				B5882A0B1F40EC1B00C07AEB /* MegaTexture.cpp */,
				B5882A0C1F40EC1B00C07AEB /* MegaTexture.h */,
				B5882A0D1F40EC1B00C07AEB /* Messenger.cpp */,
				B5882A0E1F40EC1B00C07AEB /* Messenger.h */,
				B5882A0F1F40EC1B00C07AEB /* MisterHeapy.h */,
				B5882A101F40EC1B00C07AEB /* mtrand.cpp */,
				B5882A111F40EC1B00C07AEB /* mtrand.h */,
				B5882A121F40EC1B00C07AEB /* Mutex.cpp */,
				B5882A131F40EC1B00C07AEB /* Mutex.h */,
				B5882A141F40EC1B00C07AEB /* NavMap.cpp */,
				B5882A151F40EC1B00C07AEB /* NavMap.h */,
				B5882A161F40EC1B00C07AEB /* oglInclude.h */,
				B5882A171F40EC1B00C07AEB /* Positioner.cpp */,
				B5882A181F40EC1B00C07AEB /* Positioner.h */,
				B5882A191F40EC1B00C07AEB /* Rand.cpp */,
				B5882A1A1F40EC1B00C07AEB /* Rand.h */,
				B5882A1B1F40EC1B00C07AEB /* Texture.cpp */,
				B5882A1C1F40EC1B00C07AEB /* Texture.h */,
				B5882A1D1F40EC1B00C07AEB /* Timer.cpp */,
				B5882A1E1F40EC1B00C07AEB /* Timer.h */,
				B5882A1F1F40EC1B00C07AEB /* types.cpp */,
				B5882A201F40EC1B00C07AEB /* types.h */,
				B5882A211F40EC1B00C07AEB /* UIElement.cpp */,
				B5882A221F40EC1B00C07AEB /* UIElement.h */,
				B5882A231F40EC1B00C07AEB /* UIView.cpp */,
				B5882A241F40EC1B00C07AEB /* UIView.h */,
				B5882A251F40EC1B00C07AEB /* UpdateTimer.cpp */,
				B5882A261F40EC1B00C07AEB /* UpdateTimer.h */,
				B5882A271F40EC1B00C07AEB /* View.cpp */,
				B5882A281F40EC1B00C07AEB /* View.h */,
				B5882A291F40EC1B00C07AEB /* W.h */,
				B5882A2A1F40EC1B00C07AEB /* Window.cpp */,
				B5882A2B1F40EC1B00C07AEB /* Window.h */,
			);
			name = W;
			path = ../W;
			sourceTree = "<group>";
		};
		B5882A661F422AB100C07AEB /* Soil */ = {
			isa = PBXGroup;
			children = (
				B5882A671F422AB100C07AEB /* image_DXT.c */,
				B5882A681F422AB100C07AEB /* image_DXT.h */,
				B5882A691F422AB100C07AEB /* image_helper.c */,
				B5882A6A1F422AB100C07AEB /* image_helper.h */,
				B5882A6E1F422AB100C07AEB /* SOIL.c */,
				B5882A6F1F422AB100C07AEB /* SOIL.h */,
				B5882A701F422AB100C07AEB /* stb_image_aug.c */,
				B5882A711F422AB100C07AEB /* stb_image_aug.h */,
				B5882A721F422AB100C07AEB /* stbi_DDS_aug.h */,
				B5882A731F422AB100C07AEB /* stbi_DDS_aug_c.h */,
			);
			name = Soil;
			path = ../Soil;
			sourceTree = "<group>";
		};
		B5882A7C1F422CA300C07AEB /* LuaObj */ = {
			isa = PBXGroup;
			children = (
				B5882A7D1F422CA300C07AEB /* LuaObj.cpp */,
				B5882A7E1F422CA300C07AEB /* LuaObj.h */,
			);
			name = LuaObj;
			path = ../LuaObj;
			sourceTree = "<group>";
		};
		E2FA97F92015E5CF005B1142 /* lua */ = {
			isa = PBXGroup;
			children = (
				E2FA97FA2015E5CF005B1142 /* lapi.c */,
				E2FA97FB2015E5CF005B1142 /* lapi.h */,
				E2FA97FC2015E5CF005B1142 /* lauxlib.c */,
				E2FA97FD2015E5CF005B1142 /* lauxlib.h */,
				E2FA97FE2015E5CF005B1142 /* lbaselib.c */,
				E2FA97FF2015E5CF005B1142 /* lbitlib.c */,
				E2FA98002015E5CF005B1142 /* lcode.c */,
				E2FA98012015E5CF005B1142 /* lcode.h */,
				E2FA98022015E5CF005B1142 /* lcorolib.c */,
				E2FA98032015E5CF005B1142 /* lctype.c */,
				E2FA98042015E5CF005B1142 /* lctype.h */,
				E2FA98052015E5CF005B1142 /* ldblib.c */,
				E2FA98062015E5CF005B1142 /* ldebug.c */,
				E2FA98072015E5CF005B1142 /* ldebug.h */,
				E2FA98082015E5CF005B1142 /* ldo.c */,
				E2FA98092015E5CF005B1142 /* ldo.h */,
				E2FA980A2015E5CF005B1142 /* ldump.c */,
				E2FA980B2015E5CF005B1142 /* lfunc.c */,
				E2FA980C2015E5CF005B1142 /* lfunc.h */,
				E2FA980D2015E5CF005B1142 /* lgc.c */,
				E2FA980E2015E5CF005B1142 /* lgc.h */,
				E2FA980F2015E5CF005B1142 /* linit.c */,
				E2FA98102015E5CF005B1142 /* liolib.c */,
				E2FA98112015E5CF005B1142 /* llex.c */,
				E2FA98122015E5CF005B1142 /* llex.h */,
				E2FA98132015E5CF005B1142 /* llimits.h */,
				E2FA98142015E5CF005B1142 /* lmathlib.c */,
				E2FA98152015E5CF005B1142 /* lmem.c */,
				E2FA98162015E5CF005B1142 /* lmem.h */,
				E2FA98172015E5CF005B1142 /* loadlib.c */,
				E2FA98182015E5CF005B1142 /* lobject.c */,
				E2FA98192015E5CF005B1142 /* lobject.h */,
				E2FA981A2015E5CF005B1142 /* lopcodes.c */,
				E2FA981B2015E5CF005B1142 /* lopcodes.h */,
				E2FA981C2015E5CF005B1142 /* loslib.c */,
				E2FA981D2015E5CF005B1142 /* lparser.c */,
				E2FA981E2015E5CF005B1142 /* lparser.h */,
				E2FA981F2015E5CF005B1142 /* lstate.c */,
				E2FA98202015E5CF005B1142 /* lstate.h */,
				E2FA98212015E5CF005B1142 /* lstring.c */,
				E2FA98222015E5CF005B1142 /* lstring.h */,
				E2FA98232015E5CF005B1142 /* lstrlib.c */,
				E2FA98242015E5CF005B1142 /* ltable.c */,
				E2FA98252015E5CF005B1142 /* ltable.h */,
				E2FA98262015E5CF005B1142 /* ltablib.c */,
				E2FA98272015E5CF005B1142 /* ltm.c */,
				E2FA98282015E5CF005B1142 /* ltm.h */,
				E2FA982A2015E5CF005B1142 /* lua.h */,
				E2FA982B2015E5CF005B1142 /* lua.hpp */,
				E2FA982D2015E5CF005B1142 /* luaconf.h */,
				E2FA982E2015E5CF005B1142 /* lualib.h */,
				E2FA982F2015E5CF005B1142 /* lundump.c */,
				E2FA98302015E5CF005B1142 /* lundump.h */,
				E2FA98312015E5CF005B1142 /* lvm.c */,
				E2FA98322015E5CF005B1142 /* lvm.h */,
				E2FA98332015E5CF005B1142 /* lzio.c */,
				E2FA98342015E5CF005B1142 /* lzio.h */,
			);
			name = lua;
			path = ../lua;
			sourceTree = "<group>";
		};
/* End PBXGroup section */

/* Begin PBXNativeTarget section */
		B58827441F40E44100C07AEB /* WPong */ = {
			isa = PBXNativeTarget;
			buildConfigurationList = B58827561F40E44100C07AEB /* Build configuration list for PBXNativeTarget "WPong" */;
			buildPhases = (
				B58827411F40E44100C07AEB /* Sources */,
				B58827421F40E44100C07AEB /* Frameworks */,
				B58827431F40E44100C07AEB /* Resources */,
				B5882A471F40F13800C07AEB /* CopyFiles */,
			);
			buildRules = (
			);
			dependencies = (
			);
			name = WPong;
			productName = WPong;
			productReference = B58827451F40E44100C07AEB /* WPong.app */;
			productType = "com.apple.product-type.application";
		};
/* End PBXNativeTarget section */

/* Begin PBXProject section */
		B588273D1F40E44000C07AEB /* Project object */ = {
			isa = PBXProject;
			attributes = {
				LastUpgradeCheck = 0730;
				ORGANIZATIONNAME = Ocelot;
				TargetAttributes = {
					B58827441F40E44100C07AEB = {
						CreatedOnToolsVersion = 7.3;
					};
				};
			};
			buildConfigurationList = B58827401F40E44000C07AEB /* Build configuration list for PBXProject "WPong" */;
			compatibilityVersion = "Xcode 3.2";
			developmentRegion = English;
			hasScannedForEncodings = 0;
			knownRegions = (
				en,
				Base,
			);
			mainGroup = B588273C1F40E44000C07AEB;
			productRefGroup = B58827461F40E44100C07AEB /* Products */;
			projectDirPath = "";
			projectRoot = "";
			targets = (
				B58827441F40E44100C07AEB /* WPong */,
			);
		};
/* End PBXProject section */

/* Begin PBXResourcesBuildPhase section */
		B58827431F40E44100C07AEB /* Resources */ = {
			isa = PBXResourcesBuildPhase;
			buildActionMask = 2147483647;
			files = (
				B588274F1F40E44100C07AEB /* Assets.xcassets in Resources */,
				B58827521F40E44100C07AEB /* MainMenu.xib in Resources */,
			);
			runOnlyForDeploymentPostprocessing = 0;
		};
/* End PBXResourcesBuildPhase section */

/* Begin PBXSourcesBuildPhase section */
		B58827411F40E44100C07AEB /* Sources */ = {
			isa = PBXSourcesBuildPhase;
			buildActionMask = 2147483647;
			files = (
				E2FA98562015E5CF005B1142 /* lzio.c in Sources */,
				E2FA98412015E5CF005B1142 /* lgc.c in Sources */,
				E2FA98402015E5CF005B1142 /* lfunc.c in Sources */,
				B5882A421F40EC1B00C07AEB /* View.cpp in Sources */,
				E2FA98552015E5CF005B1142 /* lvm.c in Sources */,
				B5882A791F422AB100C07AEB /* SOIL.c in Sources */,
				B5882A341F40EC1B00C07AEB /* MacOSXClasses.m in Sources */,
				E2FA984D2015E5CF005B1142 /* lstring.c in Sources */,
				E2FA983A2015E5CF005B1142 /* lcorolib.c in Sources */,
				B5882A3B1F40EC1B00C07AEB /* Rand.cpp in Sources */,
				B5882A3D1F40EC1B00C07AEB /* Timer.cpp in Sources */,
				E2FA98452015E5CF005B1142 /* lmathlib.c in Sources */,
				B5882A361F40EC1B00C07AEB /* Messenger.cpp in Sources */,
				B5882A301F40EC1B00C07AEB /* GameState.cpp in Sources */,
				E2FA98432015E5CF005B1142 /* liolib.c in Sources */,
				E2FA98492015E5CF005B1142 /* lopcodes.c in Sources */,
				E2FA984B2015E5CF005B1142 /* lparser.c in Sources */,
				B5882A411F40EC1B00C07AEB /* UpdateTimer.cpp in Sources */,
				E2FA98382015E5CF005B1142 /* lbitlib.c in Sources */,
				B5882A2D1F40EC1B00C07AEB /* Controller.cpp in Sources */,
				B5882A381F40EC1B00C07AEB /* Mutex.cpp in Sources */,
				E2FA984A2015E5CF005B1142 /* loslib.c in Sources */,
				B5882A431F40EC1B00C07AEB /* Window.cpp in Sources */,
				B5882A2E1F40EC1B00C07AEB /* DObj.cpp in Sources */,
				E2FA98442015E5CF005B1142 /* llex.c in Sources */,
				B5882A331F40EC1B00C07AEB /* Log.cpp in Sources */,
				B5882A2F1F40EC1B00C07AEB /* Event.cpp in Sources */,
				E2FA984E2015E5CF005B1142 /* lstrlib.c in Sources */,
				E2FA98422015E5CF005B1142 /* linit.c in Sources */,
				E2FA98482015E5CF005B1142 /* lobject.c in Sources */,
				E2FA983E2015E5CF005B1142 /* ldo.c in Sources */,
				B5882A2C1F40EC1B00C07AEB /* Colour.cpp in Sources */,
				B5882A401F40EC1B00C07AEB /* UIView.cpp in Sources */,
				E2FA984C2015E5CF005B1142 /* lstate.c in Sources */,
				B5882A3A1F40EC1B00C07AEB /* Positioner.cpp in Sources */,
				E2FA98362015E5CF005B1142 /* lauxlib.c in Sources */,
				B5882A801F422CA300C07AEB /* LuaObj.cpp in Sources */,
				B5882A761F422AB100C07AEB /* image_helper.c in Sources */,
				B5882A391F40EC1B00C07AEB /* NavMap.cpp in Sources */,
				E2FA983F2015E5CF005B1142 /* ldump.c in Sources */,
				B5882A7A1F422AB100C07AEB /* stb_image_aug.c in Sources */,
				E2FA98512015E5CF005B1142 /* ltm.c in Sources */,
				E2FA983C2015E5CF005B1142 /* ldblib.c in Sources */,
				B5882A311F40EC1B00C07AEB /* GenericRetro.cpp in Sources */,
				B5882A3C1F40EC1B00C07AEB /* Texture.cpp in Sources */,
				E2FA97F82015E59A005B1142 /* PongView.cpp in Sources */,
				E2FA98372015E5CF005B1142 /* lbaselib.c in Sources */,
				E2FA98472015E5CF005B1142 /* loadlib.c in Sources */,
				E2FA98392015E5CF005B1142 /* lcode.c in Sources */,
				E2FA98542015E5CF005B1142 /* lundump.c in Sources */,
				B5882A3F1F40EC1B00C07AEB /* UIElement.cpp in Sources */,
				E2FA983B2015E5CF005B1142 /* lctype.c in Sources */,
				B5882A371F40EC1B00C07AEB /* mtrand.cpp in Sources */,
				E2FA98462015E5CF005B1142 /* lmem.c in Sources */,
				B588274D1F40E44100C07AEB /* main.m in Sources */,
				B588274A1F40E44100C07AEB /* AppDelegate.m in Sources */,
				E2FA98502015E5CF005B1142 /* ltablib.c in Sources */,
				B5882A751F422AB100C07AEB /* image_DXT.c in Sources */,
				E2FA983D2015E5CF005B1142 /* ldebug.c in Sources */,
				E2FA98352015E5CF005B1142 /* lapi.c in Sources */,
				B5882A351F40EC1B00C07AEB /* MegaTexture.cpp in Sources */,
				B5882A3E1F40EC1B00C07AEB /* types.cpp in Sources */,
				E2FA984F2015E5CF005B1142 /* ltable.c in Sources */,
			);
			runOnlyForDeploymentPostprocessing = 0;
		};
/* End PBXSourcesBuildPhase section */

/* Begin PBXVariantGroup section */
		B58827501F40E44100C07AEB /* MainMenu.xib */ = {
			isa = PBXVariantGroup;
			children = (
				B58827511F40E44100C07AEB /* Base */,
			);
			name = MainMenu.xib;
			sourceTree = "<group>";
		};
/* End PBXVariantGroup section */

/* Begin XCBuildConfiguration section */
		B58827541F40E44100C07AEB /* Debug */ = {
			isa = XCBuildConfiguration;
			buildSettings = {
				ALWAYS_SEARCH_USER_PATHS = NO;
				CLANG_ANALYZER_NONNULL = YES;
				CLANG_CXX_LANGUAGE_STANDARD = "gnu++0x";
				CLANG_CXX_LIBRARY = "libc++";
				CLANG_ENABLE_MODULES = YES;
				CLANG_ENABLE_OBJC_ARC = YES;
				CLANG_WARN_BOOL_CONVERSION = YES;
				CLANG_WARN_CONSTANT_CONVERSION = YES;
				CLANG_WARN_DIRECT_OBJC_ISA_USAGE = YES_ERROR;
				CLANG_WARN_EMPTY_BODY = YES;
				CLANG_WARN_ENUM_CONVERSION = YES;
				CLANG_WARN_INT_CONVERSION = YES;
				CLANG_WARN_OBJC_ROOT_CLASS = YES_ERROR;
				CLANG_WARN_UNREACHABLE_CODE = YES;
				CLANG_WARN__DUPLICATE_METHOD_MATCH = YES;
				CODE_SIGN_IDENTITY = "-";
				COPY_PHASE_STRIP = NO;
				DEBUG_INFORMATION_FORMAT = dwarf;
				ENABLE_STRICT_OBJC_MSGSEND = YES;
				ENABLE_TESTABILITY = YES;
				GCC_C_LANGUAGE_STANDARD = gnu99;
				GCC_DYNAMIC_NO_PIC = NO;
				GCC_NO_COMMON_BLOCKS = YES;
				GCC_OPTIMIZATION_LEVEL = 0;
				GCC_PREPROCESSOR_DEFINITIONS = (
					"DEBUG=1",
					"$(inherited)",
				);
				GCC_WARN_64_TO_32_BIT_CONVERSION = YES;
				GCC_WARN_ABOUT_RETURN_TYPE = YES_ERROR;
				GCC_WARN_UNDECLARED_SELECTOR = YES;
				GCC_WARN_UNINITIALIZED_AUTOS = YES_AGGRESSIVE;
				GCC_WARN_UNUSED_FUNCTION = YES;
				GCC_WARN_UNUSED_VARIABLE = YES;
				MACOSX_DEPLOYMENT_TARGET = 10.12;
				MTL_ENABLE_DEBUG_INFO = YES;
				ONLY_ACTIVE_ARCH = YES;
				SDKROOT = macosx;
			};
			name = Debug;
		};
		B58827551F40E44100C07AEB /* Release */ = {
			isa = XCBuildConfiguration;
			buildSettings = {
				ALWAYS_SEARCH_USER_PATHS = NO;
				CLANG_ANALYZER_NONNULL = YES;
				CLANG_CXX_LANGUAGE_STANDARD = "gnu++0x";
				CLANG_CXX_LIBRARY = "libc++";
				CLANG_ENABLE_MODULES = YES;
				CLANG_ENABLE_OBJC_ARC = YES;
				CLANG_WARN_BOOL_CONVERSION = YES;
				CLANG_WARN_CONSTANT_CONVERSION = YES;
				CLANG_WARN_DIRECT_OBJC_ISA_USAGE = YES_ERROR;
				CLANG_WARN_EMPTY_BODY = YES;
				CLANG_WARN_ENUM_CONVERSION = YES;
				CLANG_WARN_INT_CONVERSION = YES;
				CLANG_WARN_OBJC_ROOT_CLASS = YES_ERROR;
				CLANG_WARN_UNREACHABLE_CODE = YES;
				CLANG_WARN__DUPLICATE_METHOD_MATCH = YES;
				CODE_SIGN_IDENTITY = "-";
				COPY_PHASE_STRIP = NO;
				DEBUG_INFORMATION_FORMAT = "dwarf-with-dsym";
				ENABLE_NS_ASSERTIONS = NO;
				ENABLE_STRICT_OBJC_MSGSEND = YES;
				GCC_C_LANGUAGE_STANDARD = gnu99;
				GCC_NO_COMMON_BLOCKS = YES;
				GCC_WARN_64_TO_32_BIT_CONVERSION = YES;
				GCC_WARN_ABOUT_RETURN_TYPE = YES_ERROR;
				GCC_WARN_UNDECLARED_SELECTOR = YES;
				GCC_WARN_UNINITIALIZED_AUTOS = YES_AGGRESSIVE;
				GCC_WARN_UNUSED_FUNCTION = YES;
				GCC_WARN_UNUSED_VARIABLE = YES;
				MACOSX_DEPLOYMENT_TARGET = 10.12;
				MTL_ENABLE_DEBUG_INFO = NO;
				SDKROOT = macosx;
			};
			name = Release;
		};
		B58827571F40E44100C07AEB /* Debug */ = {
			isa = XCBuildConfiguration;
			buildSettings = {
				ASSETCATALOG_COMPILER_APPICON_NAME = AppIcon;
				COMBINE_HIDPI_IMAGES = YES;
				FRAMEWORK_SEARCH_PATHS = "";
				INFOPLIST_FILE = WPong/Info.plist;
				LD_DYLIB_INSTALL_NAME = "";
				LD_RUNPATH_SEARCH_PATHS = "$(inherited) @executable_path/../Frameworks";
				LIBRARY_SEARCH_PATHS = "";
				PRODUCT_BUNDLE_IDENTIFIER = com.ben.WPong;
				PRODUCT_NAME = "$(TARGET_NAME)";
				REEXPORTED_LIBRARY_NAMES = "";
			};
			name = Debug;
		};
		B58827581F40E44100C07AEB /* Release */ = {
			isa = XCBuildConfiguration;
			buildSettings = {
				ASSETCATALOG_COMPILER_APPICON_NAME = AppIcon;
				COMBINE_HIDPI_IMAGES = YES;
				FRAMEWORK_SEARCH_PATHS = "";
				INFOPLIST_FILE = WPong/Info.plist;
				LD_RUNPATH_SEARCH_PATHS = "$(inherited) @executable_path/../Frameworks";
				LIBRARY_SEARCH_PATHS = "";
				PRODUCT_BUNDLE_IDENTIFIER = com.ben.WPong;
				PRODUCT_NAME = "$(TARGET_NAME)";
				REEXPORTED_LIBRARY_NAMES = "";
			};
			name = Release;
		};
/* End XCBuildConfiguration section */

/* Begin XCConfigurationList section */
		B58827401F40E44000C07AEB /* Build configuration list for PBXProject "WPong" */ = {
			isa = XCConfigurationList;
			buildConfigurations = (
				B58827541F40E44100C07AEB /* Debug */,
				B58827551F40E44100C07AEB /* Release */,
			);
			defaultConfigurationIsVisible = 0;
			defaultConfigurationName = Release;
		};
		B58827561F40E44100C07AEB /* Build configuration list for PBXNativeTarget "WPong" */ = {
			isa = XCConfigurationList;
			buildConfigurations = (
				B58827571F40E44100C07AEB /* Debug */,
				B58827581F40E44100C07AEB /* Release */,
			);
			defaultConfigurationIsVisible = 0;
			defaultConfigurationName = Release;
		};
/* End XCConfigurationList section */
	};
	rootObject = B588273D1F40E44000C07AEB /* Project object */;
}
