// !$*UTF8*$!
{
	archiveVersion = 1;
	classes = {
	};
	objectVersion = 48;
	objects = {

/* Begin PBXBuildFile section */
		E2FA97E12015E375005B1142 /* AppDelegate.m in Sources */ = {isa = PBXBuildFile; fileRef = E2FA97E02015E375005B1142 /* AppDelegate.m */; };
		E2FA97E42015E375005B1142 /* ViewController.m in Sources */ = {isa = PBXBuildFile; fileRef = E2FA97E32015E375005B1142 /* ViewController.m */; };
		E2FA97E72015E375005B1142 /* Main.storyboard in Resources */ = {isa = PBXBuildFile; fileRef = E2FA97E52015E375005B1142 /* Main.storyboard */; };
		E2FA97E92015E375005B1142 /* Assets.xcassets in Resources */ = {isa = PBXBuildFile; fileRef = E2FA97E82015E375005B1142 /* Assets.xcassets */; };
		E2FA97EC2015E375005B1142 /* LaunchScreen.storyboard in Resources */ = {isa = PBXBuildFile; fileRef = E2FA97EA2015E375005B1142 /* LaunchScreen.storyboard */; };
		E2FA97EF2015E375005B1142 /* main.m in Sources */ = {isa = PBXBuildFile; fileRef = E2FA97EE2015E375005B1142 /* main.m */; };
		E2FA98D92015E91D005B1142 /* Colour.cpp in Sources */ = {isa = PBXBuildFile; fileRef = E2FA98A62015E91D005B1142 /* Colour.cpp */; };
		E2FA98DA2015E91D005B1142 /* Controller.cpp in Sources */ = {isa = PBXBuildFile; fileRef = E2FA98A82015E91D005B1142 /* Controller.cpp */; };
		E2FA98DB2015E91D005B1142 /* DObj.cpp in Sources */ = {isa = PBXBuildFile; fileRef = E2FA98AA2015E91D005B1142 /* DObj.cpp */; };
		E2FA98DC2015E91D005B1142 /* Event.cpp in Sources */ = {isa = PBXBuildFile; fileRef = E2FA98AC2015E91D005B1142 /* Event.cpp */; };
		E2FA98DD2015E91D005B1142 /* GameState.cpp in Sources */ = {isa = PBXBuildFile; fileRef = E2FA98AE2015E91D005B1142 /* GameState.cpp */; };
		E2FA98DE2015E91D005B1142 /* GenericRetro.cpp in Sources */ = {isa = PBXBuildFile; fileRef = E2FA98B02015E91D005B1142 /* GenericRetro.cpp */; };
		E2FA98DF2015E91D005B1142 /* iOSClasses.m in Sources */ = {isa = PBXBuildFile; fileRef = E2FA98B32015E91D005B1142 /* iOSClasses.m */; };
		E2FA98E02015E91D005B1142 /* Log.cpp in Sources */ = {isa = PBXBuildFile; fileRef = E2FA98B42015E91D005B1142 /* Log.cpp */; };
		E2FA98E12015E91D005B1142 /* MacOSXClasses.m in Sources */ = {isa = PBXBuildFile; fileRef = E2FA98B72015E91D005B1142 /* MacOSXClasses.m */; };
		E2FA98E22015E91D005B1142 /* MegaTexture.cpp in Sources */ = {isa = PBXBuildFile; fileRef = E2FA98B82015E91D005B1142 /* MegaTexture.cpp */; };
		E2FA98E32015E91D005B1142 /* Messenger.cpp in Sources */ = {isa = PBXBuildFile; fileRef = E2FA98BA2015E91D005B1142 /* Messenger.cpp */; };
		E2FA98E42015E91D005B1142 /* mtrand.cpp in Sources */ = {isa = PBXBuildFile; fileRef = E2FA98BD2015E91D005B1142 /* mtrand.cpp */; };
		E2FA98E52015E91D005B1142 /* Mutex.cpp in Sources */ = {isa = PBXBuildFile; fileRef = E2FA98BF2015E91D005B1142 /* Mutex.cpp */; };
		E2FA98E62015E91D005B1142 /* NavMap.cpp in Sources */ = {isa = PBXBuildFile; fileRef = E2FA98C12015E91D005B1142 /* NavMap.cpp */; };
		E2FA98E72015E91D005B1142 /* Positioner.cpp in Sources */ = {isa = PBXBuildFile; fileRef = E2FA98C42015E91D005B1142 /* Positioner.cpp */; };
		E2FA98E82015E91D005B1142 /* Rand.cpp in Sources */ = {isa = PBXBuildFile; fileRef = E2FA98C62015E91D005B1142 /* Rand.cpp */; };
		E2FA98E92015E91D005B1142 /* Texture.cpp in Sources */ = {isa = PBXBuildFile; fileRef = E2FA98C82015E91D005B1142 /* Texture.cpp */; };
		E2FA98EA2015E91D005B1142 /* Timer.cpp in Sources */ = {isa = PBXBuildFile; fileRef = E2FA98CA2015E91D005B1142 /* Timer.cpp */; };
		E2FA98EB2015E91D005B1142 /* types.cpp in Sources */ = {isa = PBXBuildFile; fileRef = E2FA98CC2015E91D005B1142 /* types.cpp */; };
		E2FA98EC2015E91D005B1142 /* UIElement.cpp in Sources */ = {isa = PBXBuildFile; fileRef = E2FA98CE2015E91D005B1142 /* UIElement.cpp */; };
		E2FA98ED2015E91D005B1142 /* UIView.cpp in Sources */ = {isa = PBXBuildFile; fileRef = E2FA98D02015E91D005B1142 /* UIView.cpp */; };
		E2FA98EE2015E91D005B1142 /* UpdateTimer.cpp in Sources */ = {isa = PBXBuildFile; fileRef = E2FA98D22015E91D005B1142 /* UpdateTimer.cpp */; };
		E2FA98EF2015E91D005B1142 /* View.cpp in Sources */ = {isa = PBXBuildFile; fileRef = E2FA98D42015E91D005B1142 /* View.cpp */; };
		E2FA98F02015E91D005B1142 /* Window.cpp in Sources */ = {isa = PBXBuildFile; fileRef = E2FA98D72015E91D005B1142 /* Window.cpp */; };
		E2FA98F52015E95B005B1142 /* LuaObj.cpp in Sources */ = {isa = PBXBuildFile; fileRef = E2FA98F22015E95B005B1142 /* LuaObj.cpp */; };
		E2FA98F62015E95B005B1142 /* readme.md in Resources */ = {isa = PBXBuildFile; fileRef = E2FA98F42015E95B005B1142 /* readme.md */; };
		E2FA99372015E976005B1142 /* lapi.c in Sources */ = {isa = PBXBuildFile; fileRef = E2FA98FC2015E976005B1142 /* lapi.c */; };
		E2FA99382015E976005B1142 /* lauxlib.c in Sources */ = {isa = PBXBuildFile; fileRef = E2FA98FE2015E976005B1142 /* lauxlib.c */; };
		E2FA99392015E976005B1142 /* lbaselib.c in Sources */ = {isa = PBXBuildFile; fileRef = E2FA99002015E976005B1142 /* lbaselib.c */; };
		E2FA993A2015E976005B1142 /* lbitlib.c in Sources */ = {isa = PBXBuildFile; fileRef = E2FA99012015E976005B1142 /* lbitlib.c */; };
		E2FA993B2015E976005B1142 /* lcode.c in Sources */ = {isa = PBXBuildFile; fileRef = E2FA99022015E976005B1142 /* lcode.c */; };
		E2FA993C2015E976005B1142 /* lcorolib.c in Sources */ = {isa = PBXBuildFile; fileRef = E2FA99042015E976005B1142 /* lcorolib.c */; };
		E2FA993D2015E976005B1142 /* lctype.c in Sources */ = {isa = PBXBuildFile; fileRef = E2FA99052015E976005B1142 /* lctype.c */; };
		E2FA993E2015E976005B1142 /* ldblib.c in Sources */ = {isa = PBXBuildFile; fileRef = E2FA99072015E976005B1142 /* ldblib.c */; };
		E2FA993F2015E976005B1142 /* ldebug.c in Sources */ = {isa = PBXBuildFile; fileRef = E2FA99082015E976005B1142 /* ldebug.c */; };
		E2FA99402015E976005B1142 /* ldo.c in Sources */ = {isa = PBXBuildFile; fileRef = E2FA990A2015E976005B1142 /* ldo.c */; };
		E2FA99412015E976005B1142 /* ldump.c in Sources */ = {isa = PBXBuildFile; fileRef = E2FA990C2015E976005B1142 /* ldump.c */; };
		E2FA99422015E976005B1142 /* lfunc.c in Sources */ = {isa = PBXBuildFile; fileRef = E2FA990D2015E976005B1142 /* lfunc.c */; };
		E2FA99432015E976005B1142 /* lgc.c in Sources */ = {isa = PBXBuildFile; fileRef = E2FA990F2015E976005B1142 /* lgc.c */; };
		E2FA99442015E976005B1142 /* linit.c in Sources */ = {isa = PBXBuildFile; fileRef = E2FA99112015E976005B1142 /* linit.c */; };
		E2FA99452015E976005B1142 /* liolib.c in Sources */ = {isa = PBXBuildFile; fileRef = E2FA99122015E976005B1142 /* liolib.c */; };
		E2FA99462015E976005B1142 /* llex.c in Sources */ = {isa = PBXBuildFile; fileRef = E2FA99132015E976005B1142 /* llex.c */; };
		E2FA99472015E976005B1142 /* lmathlib.c in Sources */ = {isa = PBXBuildFile; fileRef = E2FA99162015E976005B1142 /* lmathlib.c */; };
		E2FA99482015E976005B1142 /* lmem.c in Sources */ = {isa = PBXBuildFile; fileRef = E2FA99172015E976005B1142 /* lmem.c */; };
		E2FA99492015E976005B1142 /* loadlib.c in Sources */ = {isa = PBXBuildFile; fileRef = E2FA99192015E976005B1142 /* loadlib.c */; };
		E2FA994A2015E976005B1142 /* lobject.c in Sources */ = {isa = PBXBuildFile; fileRef = E2FA991A2015E976005B1142 /* lobject.c */; };
		E2FA994B2015E976005B1142 /* lopcodes.c in Sources */ = {isa = PBXBuildFile; fileRef = E2FA991C2015E976005B1142 /* lopcodes.c */; };
		E2FA994C2015E976005B1142 /* loslib.c in Sources */ = {isa = PBXBuildFile; fileRef = E2FA991E2015E976005B1142 /* loslib.c */; };
		E2FA994D2015E976005B1142 /* lparser.c in Sources */ = {isa = PBXBuildFile; fileRef = E2FA991F2015E976005B1142 /* lparser.c */; };
		E2FA994E2015E976005B1142 /* lstate.c in Sources */ = {isa = PBXBuildFile; fileRef = E2FA99212015E976005B1142 /* lstate.c */; };
		E2FA994F2015E976005B1142 /* lstring.c in Sources */ = {isa = PBXBuildFile; fileRef = E2FA99232015E976005B1142 /* lstring.c */; };
		E2FA99502015E976005B1142 /* lstrlib.c in Sources */ = {isa = PBXBuildFile; fileRef = E2FA99252015E976005B1142 /* lstrlib.c */; };
		E2FA99512015E976005B1142 /* ltable.c in Sources */ = {isa = PBXBuildFile; fileRef = E2FA99262015E976005B1142 /* ltable.c */; };
		E2FA99522015E976005B1142 /* ltablib.c in Sources */ = {isa = PBXBuildFile; fileRef = E2FA99282015E976005B1142 /* ltablib.c */; };
		E2FA99532015E976005B1142 /* ltm.c in Sources */ = {isa = PBXBuildFile; fileRef = E2FA99292015E976005B1142 /* ltm.c */; };
		E2FA99562015E976005B1142 /* lundump.c in Sources */ = {isa = PBXBuildFile; fileRef = E2FA99312015E976005B1142 /* lundump.c */; };
		E2FA99572015E976005B1142 /* lvm.c in Sources */ = {isa = PBXBuildFile; fileRef = E2FA99332015E976005B1142 /* lvm.c */; };
		E2FA99582015E976005B1142 /* lzio.c in Sources */ = {isa = PBXBuildFile; fileRef = E2FA99352015E976005B1142 /* lzio.c */; };
		E2FA99682015EA3F005B1142 /* image_DXT.c in Sources */ = {isa = PBXBuildFile; fileRef = E2FA995A2015EA3F005B1142 /* image_DXT.c */; };
		E2FA99692015EA3F005B1142 /* image_helper.c in Sources */ = {isa = PBXBuildFile; fileRef = E2FA995C2015EA3F005B1142 /* image_helper.c */; };
		E2FA996C2015EA3F005B1142 /* SOIL.c in Sources */ = {isa = PBXBuildFile; fileRef = E2FA99612015EA3F005B1142 /* SOIL.c */; };
		E2FA996D2015EA3F005B1142 /* stb_image_aug.c in Sources */ = {isa = PBXBuildFile; fileRef = E2FA99632015EA3F005B1142 /* stb_image_aug.c */; };
		E2FA99732015EBEF005B1142 /* LuaObj.cpp in Sources */ = {isa = PBXBuildFile; fileRef = E2FA99702015EBEE005B1142 /* LuaObj.cpp */; };
/* End PBXBuildFile section */

/* Begin PBXFileReference section */
		E2FA97DC2015E375005B1142 /* WPong.app */ = {isa = PBXFileReference; explicitFileType = wrapper.application; includeInIndex = 0; path = WPong.app; sourceTree = BUILT_PRODUCTS_DIR; };
		E2FA97DF2015E375005B1142 /* AppDelegate.h */ = {isa = PBXFileReference; lastKnownFileType = sourcecode.c.h; path = AppDelegate.h; sourceTree = "<group>"; };
		E2FA97E02015E375005B1142 /* AppDelegate.m */ = {isa = PBXFileReference; explicitFileType = sourcecode.cpp.objcpp; path = AppDelegate.m; sourceTree = "<group>"; };
		E2FA97E22015E375005B1142 /* ViewController.h */ = {isa = PBXFileReference; lastKnownFileType = sourcecode.c.h; path = ViewController.h; sourceTree = "<group>"; };
		E2FA97E32015E375005B1142 /* ViewController.m */ = {isa = PBXFileReference; lastKnownFileType = sourcecode.c.objc; path = ViewController.m; sourceTree = "<group>"; };
		E2FA97E62015E375005B1142 /* Base */ = {isa = PBXFileReference; lastKnownFileType = file.storyboard; name = Base; path = Base.lproj/Main.storyboard; sourceTree = "<group>"; };
		E2FA97E82015E375005B1142 /* Assets.xcassets */ = {isa = PBXFileReference; lastKnownFileType = folder.assetcatalog; path = Assets.xcassets; sourceTree = "<group>"; };
		E2FA97EB2015E375005B1142 /* Base */ = {isa = PBXFileReference; lastKnownFileType = file.storyboard; name = Base; path = Base.lproj/LaunchScreen.storyboard; sourceTree = "<group>"; };
		E2FA97ED2015E375005B1142 /* Info.plist */ = {isa = PBXFileReference; lastKnownFileType = text.plist.xml; path = Info.plist; sourceTree = "<group>"; };
		E2FA97EE2015E375005B1142 /* main.m */ = {isa = PBXFileReference; lastKnownFileType = sourcecode.c.objc; path = main.m; sourceTree = "<group>"; };
		E2FA98A52015E91D005B1142 /* Callback.h */ = {isa = PBXFileReference; fileEncoding = 4; lastKnownFileType = sourcecode.c.h; path = Callback.h; sourceTree = "<group>"; };
		E2FA98A62015E91D005B1142 /* Colour.cpp */ = {isa = PBXFileReference; fileEncoding = 4; lastKnownFileType = sourcecode.cpp.cpp; path = Colour.cpp; sourceTree = "<group>"; };
		E2FA98A72015E91D005B1142 /* Colour.h */ = {isa = PBXFileReference; fileEncoding = 4; lastKnownFileType = sourcecode.c.h; path = Colour.h; sourceTree = "<group>"; };
		E2FA98A82015E91D005B1142 /* Controller.cpp */ = {isa = PBXFileReference; fileEncoding = 4; lastKnownFileType = sourcecode.cpp.cpp; path = Controller.cpp; sourceTree = "<group>"; };
		E2FA98A92015E91D005B1142 /* Controller.h */ = {isa = PBXFileReference; fileEncoding = 4; lastKnownFileType = sourcecode.c.h; path = Controller.h; sourceTree = "<group>"; };
		E2FA98AA2015E91D005B1142 /* DObj.cpp */ = {isa = PBXFileReference; fileEncoding = 4; lastKnownFileType = sourcecode.cpp.cpp; path = DObj.cpp; sourceTree = "<group>"; };
		E2FA98AB2015E91D005B1142 /* DObj.h */ = {isa = PBXFileReference; fileEncoding = 4; lastKnownFileType = sourcecode.c.h; path = DObj.h; sourceTree = "<group>"; };
		E2FA98AC2015E91D005B1142 /* Event.cpp */ = {isa = PBXFileReference; fileEncoding = 4; lastKnownFileType = sourcecode.cpp.cpp; path = Event.cpp; sourceTree = "<group>"; };
		E2FA98AD2015E91D005B1142 /* Event.h */ = {isa = PBXFileReference; fileEncoding = 4; lastKnownFileType = sourcecode.c.h; path = Event.h; sourceTree = "<group>"; };
		E2FA98AE2015E91D005B1142 /* GameState.cpp */ = {isa = PBXFileReference; fileEncoding = 4; lastKnownFileType = sourcecode.cpp.cpp; path = GameState.cpp; sourceTree = "<group>"; };
		E2FA98AF2015E91D005B1142 /* GameState.h */ = {isa = PBXFileReference; fileEncoding = 4; lastKnownFileType = sourcecode.c.h; path = GameState.h; sourceTree = "<group>"; };
		E2FA98B02015E91D005B1142 /* GenericRetro.cpp */ = {isa = PBXFileReference; fileEncoding = 4; lastKnownFileType = sourcecode.cpp.cpp; path = GenericRetro.cpp; sourceTree = "<group>"; };
		E2FA98B12015E91D005B1142 /* GenericRetro.h */ = {isa = PBXFileReference; fileEncoding = 4; lastKnownFileType = sourcecode.c.h; path = GenericRetro.h; sourceTree = "<group>"; };
		E2FA98B22015E91D005B1142 /* iOSClasses.h */ = {isa = PBXFileReference; fileEncoding = 4; lastKnownFileType = sourcecode.c.h; path = iOSClasses.h; sourceTree = "<group>"; };
		E2FA98B32015E91D005B1142 /* iOSClasses.m */ = {isa = PBXFileReference; explicitFileType = sourcecode.cpp.objcpp; fileEncoding = 4; path = iOSClasses.m; sourceTree = "<group>"; };
		E2FA98B42015E91D005B1142 /* Log.cpp */ = {isa = PBXFileReference; fileEncoding = 4; lastKnownFileType = sourcecode.cpp.cpp; path = Log.cpp; sourceTree = "<group>"; };
		E2FA98B52015E91D005B1142 /* Log.h */ = {isa = PBXFileReference; fileEncoding = 4; lastKnownFileType = sourcecode.c.h; path = Log.h; sourceTree = "<group>"; };
		E2FA98B62015E91D005B1142 /* MacOSXClasses.h */ = {isa = PBXFileReference; fileEncoding = 4; lastKnownFileType = sourcecode.c.h; path = MacOSXClasses.h; sourceTree = "<group>"; };
		E2FA98B72015E91D005B1142 /* MacOSXClasses.m */ = {isa = PBXFileReference; fileEncoding = 4; lastKnownFileType = sourcecode.c.objc; path = MacOSXClasses.m; sourceTree = "<group>"; };
		E2FA98B82015E91D005B1142 /* MegaTexture.cpp */ = {isa = PBXFileReference; fileEncoding = 4; lastKnownFileType = sourcecode.cpp.cpp; path = MegaTexture.cpp; sourceTree = "<group>"; };
		E2FA98B92015E91D005B1142 /* MegaTexture.h */ = {isa = PBXFileReference; fileEncoding = 4; lastKnownFileType = sourcecode.c.h; path = MegaTexture.h; sourceTree = "<group>"; };
		E2FA98BA2015E91D005B1142 /* Messenger.cpp */ = {isa = PBXFileReference; fileEncoding = 4; lastKnownFileType = sourcecode.cpp.cpp; path = Messenger.cpp; sourceTree = "<group>"; };
		E2FA98BB2015E91D005B1142 /* Messenger.h */ = {isa = PBXFileReference; fileEncoding = 4; lastKnownFileType = sourcecode.c.h; path = Messenger.h; sourceTree = "<group>"; };
		E2FA98BC2015E91D005B1142 /* MisterHeapy.h */ = {isa = PBXFileReference; fileEncoding = 4; lastKnownFileType = sourcecode.c.h; path = MisterHeapy.h; sourceTree = "<group>"; };
		E2FA98BD2015E91D005B1142 /* mtrand.cpp */ = {isa = PBXFileReference; fileEncoding = 4; lastKnownFileType = sourcecode.cpp.cpp; path = mtrand.cpp; sourceTree = "<group>"; };
		E2FA98BE2015E91D005B1142 /* mtrand.h */ = {isa = PBXFileReference; fileEncoding = 4; lastKnownFileType = sourcecode.c.h; path = mtrand.h; sourceTree = "<group>"; };
		E2FA98BF2015E91D005B1142 /* Mutex.cpp */ = {isa = PBXFileReference; fileEncoding = 4; lastKnownFileType = sourcecode.cpp.cpp; path = Mutex.cpp; sourceTree = "<group>"; };
		E2FA98C02015E91D005B1142 /* Mutex.h */ = {isa = PBXFileReference; fileEncoding = 4; lastKnownFileType = sourcecode.c.h; path = Mutex.h; sourceTree = "<group>"; };
		E2FA98C12015E91D005B1142 /* NavMap.cpp */ = {isa = PBXFileReference; fileEncoding = 4; lastKnownFileType = sourcecode.cpp.cpp; path = NavMap.cpp; sourceTree = "<group>"; };
		E2FA98C22015E91D005B1142 /* NavMap.h */ = {isa = PBXFileReference; fileEncoding = 4; lastKnownFileType = sourcecode.c.h; path = NavMap.h; sourceTree = "<group>"; };
		E2FA98C32015E91D005B1142 /* oglInclude.h */ = {isa = PBXFileReference; fileEncoding = 4; lastKnownFileType = sourcecode.c.h; path = oglInclude.h; sourceTree = "<group>"; };
		E2FA98C42015E91D005B1142 /* Positioner.cpp */ = {isa = PBXFileReference; fileEncoding = 4; lastKnownFileType = sourcecode.cpp.cpp; path = Positioner.cpp; sourceTree = "<group>"; };
		E2FA98C52015E91D005B1142 /* Positioner.h */ = {isa = PBXFileReference; fileEncoding = 4; lastKnownFileType = sourcecode.c.h; path = Positioner.h; sourceTree = "<group>"; };
		E2FA98C62015E91D005B1142 /* Rand.cpp */ = {isa = PBXFileReference; fileEncoding = 4; lastKnownFileType = sourcecode.cpp.cpp; path = Rand.cpp; sourceTree = "<group>"; };
		E2FA98C72015E91D005B1142 /* Rand.h */ = {isa = PBXFileReference; fileEncoding = 4; lastKnownFileType = sourcecode.c.h; path = Rand.h; sourceTree = "<group>"; };
		E2FA98C82015E91D005B1142 /* Texture.cpp */ = {isa = PBXFileReference; fileEncoding = 4; lastKnownFileType = sourcecode.cpp.cpp; path = Texture.cpp; sourceTree = "<group>"; };
		E2FA98C92015E91D005B1142 /* Texture.h */ = {isa = PBXFileReference; fileEncoding = 4; lastKnownFileType = sourcecode.c.h; path = Texture.h; sourceTree = "<group>"; };
		E2FA98CA2015E91D005B1142 /* Timer.cpp */ = {isa = PBXFileReference; fileEncoding = 4; lastKnownFileType = sourcecode.cpp.cpp; path = Timer.cpp; sourceTree = "<group>"; };
		E2FA98CB2015E91D005B1142 /* Timer.h */ = {isa = PBXFileReference; fileEncoding = 4; lastKnownFileType = sourcecode.c.h; path = Timer.h; sourceTree = "<group>"; };
		E2FA98CC2015E91D005B1142 /* types.cpp */ = {isa = PBXFileReference; explicitFileType = sourcecode.cpp.objcpp; fileEncoding = 4; path = types.cpp; sourceTree = "<group>"; };
		E2FA98CD2015E91D005B1142 /* types.h */ = {isa = PBXFileReference; fileEncoding = 4; lastKnownFileType = sourcecode.c.h; path = types.h; sourceTree = "<group>"; };
		E2FA98CE2015E91D005B1142 /* UIElement.cpp */ = {isa = PBXFileReference; fileEncoding = 4; lastKnownFileType = sourcecode.cpp.cpp; path = UIElement.cpp; sourceTree = "<group>"; };
		E2FA98CF2015E91D005B1142 /* UIElement.h */ = {isa = PBXFileReference; fileEncoding = 4; lastKnownFileType = sourcecode.c.h; path = UIElement.h; sourceTree = "<group>"; };
		E2FA98D02015E91D005B1142 /* UIView.cpp */ = {isa = PBXFileReference; fileEncoding = 4; lastKnownFileType = sourcecode.cpp.cpp; path = UIView.cpp; sourceTree = "<group>"; };
		E2FA98D12015E91D005B1142 /* UIView.h */ = {isa = PBXFileReference; fileEncoding = 4; lastKnownFileType = sourcecode.c.h; path = UIView.h; sourceTree = "<group>"; };
		E2FA98D22015E91D005B1142 /* UpdateTimer.cpp */ = {isa = PBXFileReference; explicitFileType = sourcecode.cpp.objcpp; fileEncoding = 4; path = UpdateTimer.cpp; sourceTree = "<group>"; };
		E2FA98D32015E91D005B1142 /* UpdateTimer.h */ = {isa = PBXFileReference; fileEncoding = 4; lastKnownFileType = sourcecode.c.h; path = UpdateTimer.h; sourceTree = "<group>"; };
		E2FA98D42015E91D005B1142 /* View.cpp */ = {isa = PBXFileReference; fileEncoding = 4; lastKnownFileType = sourcecode.cpp.cpp; path = View.cpp; sourceTree = "<group>"; };
		E2FA98D52015E91D005B1142 /* View.h */ = {isa = PBXFileReference; fileEncoding = 4; lastKnownFileType = sourcecode.c.h; path = View.h; sourceTree = "<group>"; };
		E2FA98D62015E91D005B1142 /* W.h */ = {isa = PBXFileReference; fileEncoding = 4; lastKnownFileType = sourcecode.c.h; path = W.h; sourceTree = "<group>"; };
		E2FA98D72015E91D005B1142 /* Window.cpp */ = {isa = PBXFileReference; fileEncoding = 4; lastKnownFileType = sourcecode.cpp.cpp; path = Window.cpp; sourceTree = "<group>"; };
		E2FA98D82015E91D005B1142 /* Window.h */ = {isa = PBXFileReference; fileEncoding = 4; lastKnownFileType = sourcecode.c.h; path = Window.h; sourceTree = "<group>"; };
		E2FA98F22015E95B005B1142 /* LuaObj.cpp */ = {isa = PBXFileReference; fileEncoding = 4; lastKnownFileType = sourcecode.cpp.cpp; path = LuaObj.cpp; sourceTree = "<group>"; };
		E2FA98F32015E95B005B1142 /* LuaObj.h */ = {isa = PBXFileReference; fileEncoding = 4; lastKnownFileType = sourcecode.c.h; path = LuaObj.h; sourceTree = "<group>"; };
		E2FA98F42015E95B005B1142 /* readme.md */ = {isa = PBXFileReference; fileEncoding = 4; lastKnownFileType = net.daringfireball.markdown; path = readme.md; sourceTree = "<group>"; };
		E2FA98FC2015E976005B1142 /* lapi.c */ = {isa = PBXFileReference; fileEncoding = 4; lastKnownFileType = sourcecode.c.c; path = lapi.c; sourceTree = "<group>"; };
		E2FA98FD2015E976005B1142 /* lapi.h */ = {isa = PBXFileReference; fileEncoding = 4; lastKnownFileType = sourcecode.c.h; path = lapi.h; sourceTree = "<group>"; };
		E2FA98FE2015E976005B1142 /* lauxlib.c */ = {isa = PBXFileReference; fileEncoding = 4; lastKnownFileType = sourcecode.c.c; path = lauxlib.c; sourceTree = "<group>"; };
		E2FA98FF2015E976005B1142 /* lauxlib.h */ = {isa = PBXFileReference; fileEncoding = 4; lastKnownFileType = sourcecode.c.h; path = lauxlib.h; sourceTree = "<group>"; };
		E2FA99002015E976005B1142 /* lbaselib.c */ = {isa = PBXFileReference; fileEncoding = 4; lastKnownFileType = sourcecode.c.c; path = lbaselib.c; sourceTree = "<group>"; };
		E2FA99012015E976005B1142 /* lbitlib.c */ = {isa = PBXFileReference; fileEncoding = 4; lastKnownFileType = sourcecode.c.c; path = lbitlib.c; sourceTree = "<group>"; };
		E2FA99022015E976005B1142 /* lcode.c */ = {isa = PBXFileReference; fileEncoding = 4; lastKnownFileType = sourcecode.c.c; path = lcode.c; sourceTree = "<group>"; };
		E2FA99032015E976005B1142 /* lcode.h */ = {isa = PBXFileReference; fileEncoding = 4; lastKnownFileType = sourcecode.c.h; path = lcode.h; sourceTree = "<group>"; };
		E2FA99042015E976005B1142 /* lcorolib.c */ = {isa = PBXFileReference; fileEncoding = 4; lastKnownFileType = sourcecode.c.c; path = lcorolib.c; sourceTree = "<group>"; };
		E2FA99052015E976005B1142 /* lctype.c */ = {isa = PBXFileReference; fileEncoding = 4; lastKnownFileType = sourcecode.c.c; path = lctype.c; sourceTree = "<group>"; };
		E2FA99062015E976005B1142 /* lctype.h */ = {isa = PBXFileReference; fileEncoding = 4; lastKnownFileType = sourcecode.c.h; path = lctype.h; sourceTree = "<group>"; };
		E2FA99072015E976005B1142 /* ldblib.c */ = {isa = PBXFileReference; fileEncoding = 4; lastKnownFileType = sourcecode.c.c; path = ldblib.c; sourceTree = "<group>"; };
		E2FA99082015E976005B1142 /* ldebug.c */ = {isa = PBXFileReference; fileEncoding = 4; lastKnownFileType = sourcecode.c.c; path = ldebug.c; sourceTree = "<group>"; };
		E2FA99092015E976005B1142 /* ldebug.h */ = {isa = PBXFileReference; fileEncoding = 4; lastKnownFileType = sourcecode.c.h; path = ldebug.h; sourceTree = "<group>"; };
		E2FA990A2015E976005B1142 /* ldo.c */ = {isa = PBXFileReference; fileEncoding = 4; lastKnownFileType = sourcecode.c.c; path = ldo.c; sourceTree = "<group>"; };
		E2FA990B2015E976005B1142 /* ldo.h */ = {isa = PBXFileReference; fileEncoding = 4; lastKnownFileType = sourcecode.c.h; path = ldo.h; sourceTree = "<group>"; };
		E2FA990C2015E976005B1142 /* ldump.c */ = {isa = PBXFileReference; fileEncoding = 4; lastKnownFileType = sourcecode.c.c; path = ldump.c; sourceTree = "<group>"; };
		E2FA990D2015E976005B1142 /* lfunc.c */ = {isa = PBXFileReference; fileEncoding = 4; lastKnownFileType = sourcecode.c.c; path = lfunc.c; sourceTree = "<group>"; };
		E2FA990E2015E976005B1142 /* lfunc.h */ = {isa = PBXFileReference; fileEncoding = 4; lastKnownFileType = sourcecode.c.h; path = lfunc.h; sourceTree = "<group>"; };
		E2FA990F2015E976005B1142 /* lgc.c */ = {isa = PBXFileReference; fileEncoding = 4; lastKnownFileType = sourcecode.c.c; path = lgc.c; sourceTree = "<group>"; };
		E2FA99102015E976005B1142 /* lgc.h */ = {isa = PBXFileReference; fileEncoding = 4; lastKnownFileType = sourcecode.c.h; path = lgc.h; sourceTree = "<group>"; };
		E2FA99112015E976005B1142 /* linit.c */ = {isa = PBXFileReference; fileEncoding = 4; lastKnownFileType = sourcecode.c.c; path = linit.c; sourceTree = "<group>"; };
		E2FA99122015E976005B1142 /* liolib.c */ = {isa = PBXFileReference; fileEncoding = 4; lastKnownFileType = sourcecode.c.c; path = liolib.c; sourceTree = "<group>"; };
		E2FA99132015E976005B1142 /* llex.c */ = {isa = PBXFileReference; fileEncoding = 4; lastKnownFileType = sourcecode.c.c; path = llex.c; sourceTree = "<group>"; };
		E2FA99142015E976005B1142 /* llex.h */ = {isa = PBXFileReference; fileEncoding = 4; lastKnownFileType = sourcecode.c.h; path = llex.h; sourceTree = "<group>"; };
		E2FA99152015E976005B1142 /* llimits.h */ = {isa = PBXFileReference; fileEncoding = 4; lastKnownFileType = sourcecode.c.h; path = llimits.h; sourceTree = "<group>"; };
		E2FA99162015E976005B1142 /* lmathlib.c */ = {isa = PBXFileReference; fileEncoding = 4; lastKnownFileType = sourcecode.c.c; path = lmathlib.c; sourceTree = "<group>"; };
		E2FA99172015E976005B1142 /* lmem.c */ = {isa = PBXFileReference; fileEncoding = 4; lastKnownFileType = sourcecode.c.c; path = lmem.c; sourceTree = "<group>"; };
		E2FA99182015E976005B1142 /* lmem.h */ = {isa = PBXFileReference; fileEncoding = 4; lastKnownFileType = sourcecode.c.h; path = lmem.h; sourceTree = "<group>"; };
		E2FA99192015E976005B1142 /* loadlib.c */ = {isa = PBXFileReference; fileEncoding = 4; lastKnownFileType = sourcecode.c.c; path = loadlib.c; sourceTree = "<group>"; };
		E2FA991A2015E976005B1142 /* lobject.c */ = {isa = PBXFileReference; fileEncoding = 4; lastKnownFileType = sourcecode.c.c; path = lobject.c; sourceTree = "<group>"; };
		E2FA991B2015E976005B1142 /* lobject.h */ = {isa = PBXFileReference; fileEncoding = 4; lastKnownFileType = sourcecode.c.h; path = lobject.h; sourceTree = "<group>"; };
		E2FA991C2015E976005B1142 /* lopcodes.c */ = {isa = PBXFileReference; fileEncoding = 4; lastKnownFileType = sourcecode.c.c; path = lopcodes.c; sourceTree = "<group>"; };
		E2FA991D2015E976005B1142 /* lopcodes.h */ = {isa = PBXFileReference; fileEncoding = 4; lastKnownFileType = sourcecode.c.h; path = lopcodes.h; sourceTree = "<group>"; };
		E2FA991E2015E976005B1142 /* loslib.c */ = {isa = PBXFileReference; fileEncoding = 4; lastKnownFileType = sourcecode.c.c; path = loslib.c; sourceTree = "<group>"; };
		E2FA991F2015E976005B1142 /* lparser.c */ = {isa = PBXFileReference; fileEncoding = 4; lastKnownFileType = sourcecode.c.c; path = lparser.c; sourceTree = "<group>"; };
		E2FA99202015E976005B1142 /* lparser.h */ = {isa = PBXFileReference; fileEncoding = 4; lastKnownFileType = sourcecode.c.h; path = lparser.h; sourceTree = "<group>"; };
		E2FA99212015E976005B1142 /* lstate.c */ = {isa = PBXFileReference; fileEncoding = 4; lastKnownFileType = sourcecode.c.c; path = lstate.c; sourceTree = "<group>"; };
		E2FA99222015E976005B1142 /* lstate.h */ = {isa = PBXFileReference; fileEncoding = 4; lastKnownFileType = sourcecode.c.h; path = lstate.h; sourceTree = "<group>"; };
		E2FA99232015E976005B1142 /* lstring.c */ = {isa = PBXFileReference; fileEncoding = 4; lastKnownFileType = sourcecode.c.c; path = lstring.c; sourceTree = "<group>"; };
		E2FA99242015E976005B1142 /* lstring.h */ = {isa = PBXFileReference; fileEncoding = 4; lastKnownFileType = sourcecode.c.h; path = lstring.h; sourceTree = "<group>"; };
		E2FA99252015E976005B1142 /* lstrlib.c */ = {isa = PBXFileReference; fileEncoding = 4; lastKnownFileType = sourcecode.c.c; path = lstrlib.c; sourceTree = "<group>"; };
		E2FA99262015E976005B1142 /* ltable.c */ = {isa = PBXFileReference; fileEncoding = 4; lastKnownFileType = sourcecode.c.c; path = ltable.c; sourceTree = "<group>"; };
		E2FA99272015E976005B1142 /* ltable.h */ = {isa = PBXFileReference; fileEncoding = 4; lastKnownFileType = sourcecode.c.h; path = ltable.h; sourceTree = "<group>"; };
		E2FA99282015E976005B1142 /* ltablib.c */ = {isa = PBXFileReference; fileEncoding = 4; lastKnownFileType = sourcecode.c.c; path = ltablib.c; sourceTree = "<group>"; };
		E2FA99292015E976005B1142 /* ltm.c */ = {isa = PBXFileReference; fileEncoding = 4; lastKnownFileType = sourcecode.c.c; path = ltm.c; sourceTree = "<group>"; };
		E2FA992A2015E976005B1142 /* ltm.h */ = {isa = PBXFileReference; fileEncoding = 4; lastKnownFileType = sourcecode.c.h; path = ltm.h; sourceTree = "<group>"; };
		E2FA992C2015E976005B1142 /* lua.h */ = {isa = PBXFileReference; fileEncoding = 4; lastKnownFileType = sourcecode.c.h; path = lua.h; sourceTree = "<group>"; };
		E2FA992D2015E976005B1142 /* lua.hpp */ = {isa = PBXFileReference; fileEncoding = 4; lastKnownFileType = sourcecode.cpp.h; path = lua.hpp; sourceTree = "<group>"; };
		E2FA992F2015E976005B1142 /* luaconf.h */ = {isa = PBXFileReference; fileEncoding = 4; lastKnownFileType = sourcecode.c.h; path = luaconf.h; sourceTree = "<group>"; };
		E2FA99302015E976005B1142 /* lualib.h */ = {isa = PBXFileReference; fileEncoding = 4; lastKnownFileType = sourcecode.c.h; path = lualib.h; sourceTree = "<group>"; };
		E2FA99312015E976005B1142 /* lundump.c */ = {isa = PBXFileReference; fileEncoding = 4; lastKnownFileType = sourcecode.c.c; path = lundump.c; sourceTree = "<group>"; };
		E2FA99322015E976005B1142 /* lundump.h */ = {isa = PBXFileReference; fileEncoding = 4; lastKnownFileType = sourcecode.c.h; path = lundump.h; sourceTree = "<group>"; };
		E2FA99332015E976005B1142 /* lvm.c */ = {isa = PBXFileReference; fileEncoding = 4; lastKnownFileType = sourcecode.c.c; path = lvm.c; sourceTree = "<group>"; };
		E2FA99342015E976005B1142 /* lvm.h */ = {isa = PBXFileReference; fileEncoding = 4; lastKnownFileType = sourcecode.c.h; path = lvm.h; sourceTree = "<group>"; };
		E2FA99352015E976005B1142 /* lzio.c */ = {isa = PBXFileReference; fileEncoding = 4; lastKnownFileType = sourcecode.c.c; path = lzio.c; sourceTree = "<group>"; };
		E2FA99362015E976005B1142 /* lzio.h */ = {isa = PBXFileReference; fileEncoding = 4; lastKnownFileType = sourcecode.c.h; path = lzio.h; sourceTree = "<group>"; };
		E2FA995A2015EA3F005B1142 /* image_DXT.c */ = {isa = PBXFileReference; fileEncoding = 4; lastKnownFileType = sourcecode.c.c; path = image_DXT.c; sourceTree = "<group>"; };
		E2FA995B2015EA3F005B1142 /* image_DXT.h */ = {isa = PBXFileReference; fileEncoding = 4; lastKnownFileType = sourcecode.c.h; path = image_DXT.h; sourceTree = "<group>"; };
		E2FA995C2015EA3F005B1142 /* image_helper.c */ = {isa = PBXFileReference; fileEncoding = 4; lastKnownFileType = sourcecode.c.c; path = image_helper.c; sourceTree = "<group>"; };
		E2FA995D2015EA3F005B1142 /* image_helper.h */ = {isa = PBXFileReference; fileEncoding = 4; lastKnownFileType = sourcecode.c.h; path = image_helper.h; sourceTree = "<group>"; };
		E2FA99612015EA3F005B1142 /* SOIL.c */ = {isa = PBXFileReference; explicitFileType = sourcecode.c.objc; fileEncoding = 4; path = SOIL.c; sourceTree = "<group>"; };
		E2FA99622015EA3F005B1142 /* SOIL.h */ = {isa = PBXFileReference; fileEncoding = 4; lastKnownFileType = sourcecode.c.h; path = SOIL.h; sourceTree = "<group>"; };
		E2FA99632015EA3F005B1142 /* stb_image_aug.c */ = {isa = PBXFileReference; fileEncoding = 4; lastKnownFileType = sourcecode.c.c; path = stb_image_aug.c; sourceTree = "<group>"; };
		E2FA99642015EA3F005B1142 /* stb_image_aug.h */ = {isa = PBXFileReference; fileEncoding = 4; lastKnownFileType = sourcecode.c.h; path = stb_image_aug.h; sourceTree = "<group>"; };
		E2FA99652015EA3F005B1142 /* stbi_DDS_aug.h */ = {isa = PBXFileReference; fileEncoding = 4; lastKnownFileType = sourcecode.c.h; path = stbi_DDS_aug.h; sourceTree = "<group>"; };
		E2FA99662015EA3F005B1142 /* stbi_DDS_aug_c.h */ = {isa = PBXFileReference; fileEncoding = 4; lastKnownFileType = sourcecode.c.h; path = stbi_DDS_aug_c.h; sourceTree = "<group>"; };
		E2FA99702015EBEE005B1142 /* LuaObj.cpp */ = {isa = PBXFileReference; fileEncoding = 4; lastKnownFileType = sourcecode.cpp.cpp; path = LuaObj.cpp; sourceTree = "<group>"; };
		E2FA99712015EBEE005B1142 /* LuaObj.h */ = {isa = PBXFileReference; fileEncoding = 4; lastKnownFileType = sourcecode.c.h; path = LuaObj.h; sourceTree = "<group>"; };
/* End PBXFileReference section */

/* Begin PBXFrameworksBuildPhase section */
		E2FA97D92015E375005B1142 /* Frameworks */ = {
			isa = PBXFrameworksBuildPhase;
			buildActionMask = 2147483647;
			files = (
			);
			runOnlyForDeploymentPostprocessing = 0;
		};
/* End PBXFrameworksBuildPhase section */

/* Begin PBXGroup section */
		E2FA97D32015E375005B1142 = {
			isa = PBXGroup;
			children = (
				E2FA97DE2015E375005B1142 /* WPong */,
				E2FA97DD2015E375005B1142 /* Products */,
				E2FA98FB2015E976005B1142 /* lua */,
				E2FA99592015EA3F005B1142 /* Soil */,
				E2FA996F2015EBEE005B1142 /* LuaObj */,
				E2FA98A42015E91D005B1142 /* W */,
			);
			sourceTree = "<group>";
		};
		E2FA97DD2015E375005B1142 /* Products */ = {
			isa = PBXGroup;
			children = (
				E2FA97DC2015E375005B1142 /* WPong.app */,
			);
			name = Products;
			sourceTree = "<group>";
		};
		E2FA97DE2015E375005B1142 /* WPong */ = {
			isa = PBXGroup;
			children = (
				E2FA97DF2015E375005B1142 /* AppDelegate.h */,
				E2FA97E02015E375005B1142 /* AppDelegate.m */,
				E2FA97E22015E375005B1142 /* ViewController.h */,
				E2FA97E32015E375005B1142 /* ViewController.m */,
				E2FA97E52015E375005B1142 /* Main.storyboard */,
				E2FA97E82015E375005B1142 /* Assets.xcassets */,
				E2FA97EA2015E375005B1142 /* LaunchScreen.storyboard */,
				E2FA97ED2015E375005B1142 /* Info.plist */,
				E2FA97EE2015E375005B1142 /* main.m */,
			);
			path = WPong;
			sourceTree = "<group>";
		};
		E2FA98A42015E91D005B1142 /* W */ = {
			isa = PBXGroup;
			children = (
				E2FA98F12015E95B005B1142 /* LuaObj */,
				E2FA98A52015E91D005B1142 /* Callback.h */,
				E2FA98A62015E91D005B1142 /* Colour.cpp */,
				E2FA98A72015E91D005B1142 /* Colour.h */,
				E2FA98A82015E91D005B1142 /* Controller.cpp */,
				E2FA98A92015E91D005B1142 /* Controller.h */,
				E2FA98AA2015E91D005B1142 /* DObj.cpp */,
				E2FA98AB2015E91D005B1142 /* DObj.h */,
				E2FA98AC2015E91D005B1142 /* Event.cpp */,
				E2FA98AD2015E91D005B1142 /* Event.h */,
				E2FA98AE2015E91D005B1142 /* GameState.cpp */,
				E2FA98AF2015E91D005B1142 /* GameState.h */,
				E2FA98B02015E91D005B1142 /* GenericRetro.cpp */,
				E2FA98B12015E91D005B1142 /* GenericRetro.h */,
				E2FA98B22015E91D005B1142 /* iOSClasses.h */,
				E2FA98B32015E91D005B1142 /* iOSClasses.m */,
				E2FA98B42015E91D005B1142 /* Log.cpp */,
				E2FA98B52015E91D005B1142 /* Log.h */,
				E2FA98B62015E91D005B1142 /* MacOSXClasses.h */,
				E2FA98B72015E91D005B1142 /* MacOSXClasses.m */,
				E2FA98B82015E91D005B1142 /* MegaTexture.cpp */,
				E2FA98B92015E91D005B1142 /* MegaTexture.h */,
				E2FA98BA2015E91D005B1142 /* Messenger.cpp */,
				E2FA98BB2015E91D005B1142 /* Messenger.h */,
				E2FA98BC2015E91D005B1142 /* MisterHeapy.h */,
				E2FA98BD2015E91D005B1142 /* mtrand.cpp */,
				E2FA98BE2015E91D005B1142 /* mtrand.h */,
				E2FA98BF2015E91D005B1142 /* Mutex.cpp */,
				E2FA98C02015E91D005B1142 /* Mutex.h */,
				E2FA98C12015E91D005B1142 /* NavMap.cpp */,
				E2FA98C22015E91D005B1142 /* NavMap.h */,
				E2FA98C32015E91D005B1142 /* oglInclude.h */,
				E2FA98C42015E91D005B1142 /* Positioner.cpp */,
				E2FA98C52015E91D005B1142 /* Positioner.h */,
				E2FA98C62015E91D005B1142 /* Rand.cpp */,
				E2FA98C72015E91D005B1142 /* Rand.h */,
				E2FA98C82015E91D005B1142 /* Texture.cpp */,
				E2FA98C92015E91D005B1142 /* Texture.h */,
				E2FA98CA2015E91D005B1142 /* Timer.cpp */,
				E2FA98CB2015E91D005B1142 /* Timer.h */,
				E2FA98CC2015E91D005B1142 /* types.cpp */,
				E2FA98CD2015E91D005B1142 /* types.h */,
				E2FA98CE2015E91D005B1142 /* UIElement.cpp */,
				E2FA98CF2015E91D005B1142 /* UIElement.h */,
				E2FA98D02015E91D005B1142 /* UIView.cpp */,
				E2FA98D12015E91D005B1142 /* UIView.h */,
				E2FA98D22015E91D005B1142 /* UpdateTimer.cpp */,
				E2FA98D32015E91D005B1142 /* UpdateTimer.h */,
				E2FA98D42015E91D005B1142 /* View.cpp */,
				E2FA98D52015E91D005B1142 /* View.h */,
				E2FA98D62015E91D005B1142 /* W.h */,
				E2FA98D72015E91D005B1142 /* Window.cpp */,
				E2FA98D82015E91D005B1142 /* Window.h */,
			);
			name = W;
			path = ../W;
			sourceTree = "<group>";
		};
		E2FA98F12015E95B005B1142 /* LuaObj */ = {
			isa = PBXGroup;
			children = (
				E2FA98F22015E95B005B1142 /* LuaObj.cpp */,
				E2FA98F32015E95B005B1142 /* LuaObj.h */,
				E2FA98F42015E95B005B1142 /* readme.md */,
			);
			name = LuaObj;
			path = ../LuaObj;
			sourceTree = "<group>";
		};
		E2FA98FB2015E976005B1142 /* lua */ = {
			isa = PBXGroup;
			children = (
				E2FA98FC2015E976005B1142 /* lapi.c */,
				E2FA98FD2015E976005B1142 /* lapi.h */,
				E2FA98FE2015E976005B1142 /* lauxlib.c */,
				E2FA98FF2015E976005B1142 /* lauxlib.h */,
				E2FA99002015E976005B1142 /* lbaselib.c */,
				E2FA99012015E976005B1142 /* lbitlib.c */,
				E2FA99022015E976005B1142 /* lcode.c */,
				E2FA99032015E976005B1142 /* lcode.h */,
				E2FA99042015E976005B1142 /* lcorolib.c */,
				E2FA99052015E976005B1142 /* lctype.c */,
				E2FA99062015E976005B1142 /* lctype.h */,
				E2FA99072015E976005B1142 /* ldblib.c */,
				E2FA99082015E976005B1142 /* ldebug.c */,
				E2FA99092015E976005B1142 /* ldebug.h */,
				E2FA990A2015E976005B1142 /* ldo.c */,
				E2FA990B2015E976005B1142 /* ldo.h */,
				E2FA990C2015E976005B1142 /* ldump.c */,
				E2FA990D2015E976005B1142 /* lfunc.c */,
				E2FA990E2015E976005B1142 /* lfunc.h */,
				E2FA990F2015E976005B1142 /* lgc.c */,
				E2FA99102015E976005B1142 /* lgc.h */,
				E2FA99112015E976005B1142 /* linit.c */,
				E2FA99122015E976005B1142 /* liolib.c */,
				E2FA99132015E976005B1142 /* llex.c */,
				E2FA99142015E976005B1142 /* llex.h */,
				E2FA99152015E976005B1142 /* llimits.h */,
				E2FA99162015E976005B1142 /* lmathlib.c */,
				E2FA99172015E976005B1142 /* lmem.c */,
				E2FA99182015E976005B1142 /* lmem.h */,
				E2FA99192015E976005B1142 /* loadlib.c */,
				E2FA991A2015E976005B1142 /* lobject.c */,
				E2FA991B2015E976005B1142 /* lobject.h */,
				E2FA991C2015E976005B1142 /* lopcodes.c */,
				E2FA991D2015E976005B1142 /* lopcodes.h */,
				E2FA991E2015E976005B1142 /* loslib.c */,
				E2FA991F2015E976005B1142 /* lparser.c */,
				E2FA99202015E976005B1142 /* lparser.h */,
				E2FA99212015E976005B1142 /* lstate.c */,
				E2FA99222015E976005B1142 /* lstate.h */,
				E2FA99232015E976005B1142 /* lstring.c */,
				E2FA99242015E976005B1142 /* lstring.h */,
				E2FA99252015E976005B1142 /* lstrlib.c */,
				E2FA99262015E976005B1142 /* ltable.c */,
				E2FA99272015E976005B1142 /* ltable.h */,
				E2FA99282015E976005B1142 /* ltablib.c */,
				E2FA99292015E976005B1142 /* ltm.c */,
				E2FA992A2015E976005B1142 /* ltm.h */,
				E2FA992C2015E976005B1142 /* lua.h */,
				E2FA992D2015E976005B1142 /* lua.hpp */,
				E2FA992F2015E976005B1142 /* luaconf.h */,
				E2FA99302015E976005B1142 /* lualib.h */,
				E2FA99312015E976005B1142 /* lundump.c */,
				E2FA99322015E976005B1142 /* lundump.h */,
				E2FA99332015E976005B1142 /* lvm.c */,
				E2FA99342015E976005B1142 /* lvm.h */,
				E2FA99352015E976005B1142 /* lzio.c */,
				E2FA99362015E976005B1142 /* lzio.h */,
			);
			name = lua;
			path = ../lua;
			sourceTree = "<group>";
		};
		E2FA99592015EA3F005B1142 /* Soil */ = {
			isa = PBXGroup;
			children = (
				E2FA995A2015EA3F005B1142 /* image_DXT.c */,
				E2FA995B2015EA3F005B1142 /* image_DXT.h */,
				E2FA995C2015EA3F005B1142 /* image_helper.c */,
				E2FA995D2015EA3F005B1142 /* image_helper.h */,
				E2FA99612015EA3F005B1142 /* SOIL.c */,
				E2FA99622015EA3F005B1142 /* SOIL.h */,
				E2FA99632015EA3F005B1142 /* stb_image_aug.c */,
				E2FA99642015EA3F005B1142 /* stb_image_aug.h */,
				E2FA99652015EA3F005B1142 /* stbi_DDS_aug.h */,
				E2FA99662015EA3F005B1142 /* stbi_DDS_aug_c.h */,
			);
			name = Soil;
			path = ../Soil;
			sourceTree = "<group>";
		};
		E2FA996F2015EBEE005B1142 /* LuaObj */ = {
			isa = PBXGroup;
			children = (
				E2FA99702015EBEE005B1142 /* LuaObj.cpp */,
				E2FA99712015EBEE005B1142 /* LuaObj.h */,
			);
			name = LuaObj;
			path = ../LuaObj;
			sourceTree = "<group>";
		};
/* End PBXGroup section */

/* Begin PBXNativeTarget section */
		E2FA97DB2015E375005B1142 /* WPong */ = {
			isa = PBXNativeTarget;
			buildConfigurationList = E2FA97F22015E375005B1142 /* Build configuration list for PBXNativeTarget "WPong" */;
			buildPhases = (
				E2FA97D82015E375005B1142 /* Sources */,
				E2FA97D92015E375005B1142 /* Frameworks */,
				E2FA97DA2015E375005B1142 /* Resources */,
			);
			buildRules = (
			);
			dependencies = (
			);
			name = WPong;
			productName = WPong;
			productReference = E2FA97DC2015E375005B1142 /* WPong.app */;
			productType = "com.apple.product-type.application";
		};
/* End PBXNativeTarget section */

/* Begin PBXProject section */
		E2FA97D42015E375005B1142 /* Project object */ = {
			isa = PBXProject;
			attributes = {
				LastUpgradeCheck = 0920;
				ORGANIZATIONNAME = Ben;
				TargetAttributes = {
					E2FA97DB2015E375005B1142 = {
						CreatedOnToolsVersion = 9.2;
						ProvisioningStyle = Automatic;
					};
				};
			};
			buildConfigurationList = E2FA97D72015E375005B1142 /* Build configuration list for PBXProject "WPong" */;
			compatibilityVersion = "Xcode 8.0";
			developmentRegion = en;
			hasScannedForEncodings = 0;
			knownRegions = (
				en,
				Base,
			);
			mainGroup = E2FA97D32015E375005B1142;
			productRefGroup = E2FA97DD2015E375005B1142 /* Products */;
			projectDirPath = "";
			projectRoot = "";
			targets = (
				E2FA97DB2015E375005B1142 /* WPong */,
			);
		};
/* End PBXProject section */

/* Begin PBXResourcesBuildPhase section */
		E2FA97DA2015E375005B1142 /* Resources */ = {
			isa = PBXResourcesBuildPhase;
			buildActionMask = 2147483647;
			files = (
				E2FA97EC2015E375005B1142 /* LaunchScreen.storyboard in Resources */,
				E2FA97E92015E375005B1142 /* Assets.xcassets in Resources */,
				E2FA98F62015E95B005B1142 /* readme.md in Resources */,
				E2FA97E72015E375005B1142 /* Main.storyboard in Resources */,
			);
			runOnlyForDeploymentPostprocessing = 0;
		};
/* End PBXResourcesBuildPhase section */

/* Begin PBXSourcesBuildPhase section */
		E2FA97D82015E375005B1142 /* Sources */ = {
			isa = PBXSourcesBuildPhase;
			buildActionMask = 2147483647;
			files = (
				E2FA996C2015EA3F005B1142 /* SOIL.c in Sources */,
				E2FA99422015E976005B1142 /* lfunc.c in Sources */,
				E2FA993D2015E976005B1142 /* lctype.c in Sources */,
				E2FA99732015EBEF005B1142 /* LuaObj.cpp in Sources */,
				E2FA98DB2015E91D005B1142 /* DObj.cpp in Sources */,
				E2FA99452015E976005B1142 /* liolib.c in Sources */,
				E2FA98E02015E91D005B1142 /* Log.cpp in Sources */,
				E2FA98DD2015E91D005B1142 /* GameState.cpp in Sources */,
				E2FA98EE2015E91D005B1142 /* UpdateTimer.cpp in Sources */,
				E2FA98DC2015E91D005B1142 /* Event.cpp in Sources */,
				E2FA98ED2015E91D005B1142 /* UIView.cpp in Sources */,
				E2FA97E42015E375005B1142 /* ViewController.m in Sources */,
				E2FA98E92015E91D005B1142 /* Texture.cpp in Sources */,
				E2FA99692015EA3F005B1142 /* image_helper.c in Sources */,
				E2FA99472015E976005B1142 /* lmathlib.c in Sources */,
				E2FA99532015E976005B1142 /* ltm.c in Sources */,
				E2FA98EF2015E91D005B1142 /* View.cpp in Sources */,
				E2FA994A2015E976005B1142 /* lobject.c in Sources */,
				E2FA994E2015E976005B1142 /* lstate.c in Sources */,
				E2FA994F2015E976005B1142 /* lstring.c in Sources */,
				E2FA98E72015E91D005B1142 /* Positioner.cpp in Sources */,
				E2FA98E62015E91D005B1142 /* NavMap.cpp in Sources */,
				E2FA98E42015E91D005B1142 /* mtrand.cpp in Sources */,
				E2FA99492015E976005B1142 /* loadlib.c in Sources */,
				E2FA99522015E976005B1142 /* ltablib.c in Sources */,
				E2FA98E32015E91D005B1142 /* Messenger.cpp in Sources */,
				E2FA99512015E976005B1142 /* ltable.c in Sources */,
				E2FA996D2015EA3F005B1142 /* stb_image_aug.c in Sources */,
				E2FA97EF2015E375005B1142 /* main.m in Sources */,
				E2FA99372015E976005B1142 /* lapi.c in Sources */,
				E2FA98EB2015E91D005B1142 /* types.cpp in Sources */,
				E2FA98DA2015E91D005B1142 /* Controller.cpp in Sources */,
				E2FA99682015EA3F005B1142 /* image_DXT.c in Sources */,
				E2FA993E2015E976005B1142 /* ldblib.c in Sources */,
				E2FA98F52015E95B005B1142 /* LuaObj.cpp in Sources */,
				E2FA98EA2015E91D005B1142 /* Timer.cpp in Sources */,
				E2FA98E82015E91D005B1142 /* Rand.cpp in Sources */,
				E2FA993F2015E976005B1142 /* ldebug.c in Sources */,
				E2FA99442015E976005B1142 /* linit.c in Sources */,
				E2FA99432015E976005B1142 /* lgc.c in Sources */,
				E2FA98DF2015E91D005B1142 /* iOSClasses.m in Sources */,
				E2FA99462015E976005B1142 /* llex.c in Sources */,
				E2FA99482015E976005B1142 /* lmem.c in Sources */,
				E2FA99582015E976005B1142 /* lzio.c in Sources */,
				E2FA97E12015E375005B1142 /* AppDelegate.m in Sources */,
				E2FA98E22015E91D005B1142 /* MegaTexture.cpp in Sources */,
				E2FA99382015E976005B1142 /* lauxlib.c in Sources */,
				E2FA99572015E976005B1142 /* lvm.c in Sources */,
				E2FA993B2015E976005B1142 /* lcode.c in Sources */,
				E2FA99562015E976005B1142 /* lundump.c in Sources */,
				E2FA994D2015E976005B1142 /* lparser.c in Sources */,
				E2FA99502015E976005B1142 /* lstrlib.c in Sources */,
				E2FA99392015E976005B1142 /* lbaselib.c in Sources */,
				E2FA99402015E976005B1142 /* ldo.c in Sources */,
				E2FA98DE2015E91D005B1142 /* GenericRetro.cpp in Sources */,
				E2FA993C2015E976005B1142 /* lcorolib.c in Sources */,
				E2FA98F02015E91D005B1142 /* Window.cpp in Sources */,
				E2FA99412015E976005B1142 /* ldump.c in Sources */,
				E2FA98E52015E91D005B1142 /* Mutex.cpp in Sources */,
				E2FA994C2015E976005B1142 /* loslib.c in Sources */,
				E2FA993A2015E976005B1142 /* lbitlib.c in Sources */,
				E2FA98D92015E91D005B1142 /* Colour.cpp in Sources */,
				E2FA98E12015E91D005B1142 /* MacOSXClasses.m in Sources */,
				E2FA994B2015E976005B1142 /* lopcodes.c in Sources */,
				E2FA98EC2015E91D005B1142 /* UIElement.cpp in Sources */,
			);
			runOnlyForDeploymentPostprocessing = 0;
		};
/* End PBXSourcesBuildPhase section */

/* Begin PBXVariantGroup section */
		E2FA97E52015E375005B1142 /* Main.storyboard */ = {
			isa = PBXVariantGroup;
			children = (
				E2FA97E62015E375005B1142 /* Base */,
			);
			name = Main.storyboard;
			sourceTree = "<group>";
		};
		E2FA97EA2015E375005B1142 /* LaunchScreen.storyboard */ = {
			isa = PBXVariantGroup;
			children = (
				E2FA97EB2015E375005B1142 /* Base */,
			);
			name = LaunchScreen.storyboard;
			sourceTree = "<group>";
		};
/* End PBXVariantGroup section */

/* Begin XCBuildConfiguration section */
		E2FA97F02015E375005B1142 /* Debug */ = {
			isa = XCBuildConfiguration;
			buildSettings = {
				ALWAYS_SEARCH_USER_PATHS = NO;
				CLANG_ANALYZER_NONNULL = YES;
				CLANG_ANALYZER_NUMBER_OBJECT_CONVERSION = YES_AGGRESSIVE;
				CLANG_CXX_LANGUAGE_STANDARD = "gnu++14";
				CLANG_CXX_LIBRARY = "libc++";
				CLANG_ENABLE_MODULES = YES;
				CLANG_ENABLE_OBJC_ARC = YES;
				CLANG_WARN_BLOCK_CAPTURE_AUTORELEASING = YES;
				CLANG_WARN_BOOL_CONVERSION = YES;
				CLANG_WARN_COMMA = YES;
				CLANG_WARN_CONSTANT_CONVERSION = YES;
				CLANG_WARN_DIRECT_OBJC_ISA_USAGE = YES_ERROR;
				CLANG_WARN_DOCUMENTATION_COMMENTS = YES;
				CLANG_WARN_EMPTY_BODY = YES;
				CLANG_WARN_ENUM_CONVERSION = YES;
				CLANG_WARN_INFINITE_RECURSION = YES;
				CLANG_WARN_INT_CONVERSION = YES;
				CLANG_WARN_NON_LITERAL_NULL_CONVERSION = YES;
				CLANG_WARN_OBJC_LITERAL_CONVERSION = YES;
				CLANG_WARN_OBJC_ROOT_CLASS = YES_ERROR;
				CLANG_WARN_RANGE_LOOP_ANALYSIS = YES;
				CLANG_WARN_STRICT_PROTOTYPES = YES;
				CLANG_WARN_SUSPICIOUS_MOVE = YES;
				CLANG_WARN_UNGUARDED_AVAILABILITY = YES_AGGRESSIVE;
				CLANG_WARN_UNREACHABLE_CODE = YES;
				CLANG_WARN__DUPLICATE_METHOD_MATCH = YES;
				CODE_SIGN_IDENTITY = "iPhone Developer";
				COPY_PHASE_STRIP = NO;
				DEBUG_INFORMATION_FORMAT = dwarf;
				ENABLE_STRICT_OBJC_MSGSEND = YES;
				ENABLE_TESTABILITY = YES;
				GCC_C_LANGUAGE_STANDARD = gnu11;
				GCC_DYNAMIC_NO_PIC = NO;
				GCC_NO_COMMON_BLOCKS = YES;
				GCC_OPTIMIZATION_LEVEL = 0;
				GCC_PREPROCESSOR_DEFINITIONS = (
					"DEBUG=1",
					"$(inherited)",
				);
				GCC_WARN_64_TO_32_BIT_CONVERSION = YES;
				GCC_WARN_ABOUT_RETURN_TYPE = YES_ERROR;
				GCC_WARN_UNDECLARED_SELECTOR = YES;
				GCC_WARN_UNINITIALIZED_AUTOS = YES_AGGRESSIVE;
				GCC_WARN_UNUSED_FUNCTION = YES;
				GCC_WARN_UNUSED_VARIABLE = YES;
				IPHONEOS_DEPLOYMENT_TARGET = 11.2;
				MTL_ENABLE_DEBUG_INFO = YES;
				ONLY_ACTIVE_ARCH = YES;
				SDKROOT = iphoneos;
			};
			name = Debug;
		};
		E2FA97F12015E375005B1142 /* Release */ = {
			isa = XCBuildConfiguration;
			buildSettings = {
				ALWAYS_SEARCH_USER_PATHS = NO;
				CLANG_ANALYZER_NONNULL = YES;
				CLANG_ANALYZER_NUMBER_OBJECT_CONVERSION = YES_AGGRESSIVE;
				CLANG_CXX_LANGUAGE_STANDARD = "gnu++14";
				CLANG_CXX_LIBRARY = "libc++";
				CLANG_ENABLE_MODULES = YES;
				CLANG_ENABLE_OBJC_ARC = YES;
				CLANG_WARN_BLOCK_CAPTURE_AUTORELEASING = YES;
				CLANG_WARN_BOOL_CONVERSION = YES;
				CLANG_WARN_COMMA = YES;
				CLANG_WARN_CONSTANT_CONVERSION = YES;
				CLANG_WARN_DIRECT_OBJC_ISA_USAGE = YES_ERROR;
				CLANG_WARN_DOCUMENTATION_COMMENTS = YES;
				CLANG_WARN_EMPTY_BODY = YES;
				CLANG_WARN_ENUM_CONVERSION = YES;
				CLANG_WARN_INFINITE_RECURSION = YES;
				CLANG_WARN_INT_CONVERSION = YES;
				CLANG_WARN_NON_LITERAL_NULL_CONVERSION = YES;
				CLANG_WARN_OBJC_LITERAL_CONVERSION = YES;
				CLANG_WARN_OBJC_ROOT_CLASS = YES_ERROR;
				CLANG_WARN_RANGE_LOOP_ANALYSIS = YES;
				CLANG_WARN_STRICT_PROTOTYPES = YES;
				CLANG_WARN_SUSPICIOUS_MOVE = YES;
				CLANG_WARN_UNGUARDED_AVAILABILITY = YES_AGGRESSIVE;
				CLANG_WARN_UNREACHABLE_CODE = YES;
				CLANG_WARN__DUPLICATE_METHOD_MATCH = YES;
				CODE_SIGN_IDENTITY = "iPhone Developer";
				COPY_PHASE_STRIP = NO;
				DEBUG_INFORMATION_FORMAT = "dwarf-with-dsym";
				ENABLE_NS_ASSERTIONS = NO;
				ENABLE_STRICT_OBJC_MSGSEND = YES;
				GCC_C_LANGUAGE_STANDARD = gnu11;
				GCC_NO_COMMON_BLOCKS = YES;
				GCC_WARN_64_TO_32_BIT_CONVERSION = YES;
				GCC_WARN_ABOUT_RETURN_TYPE = YES_ERROR;
				GCC_WARN_UNDECLARED_SELECTOR = YES;
				GCC_WARN_UNINITIALIZED_AUTOS = YES_AGGRESSIVE;
				GCC_WARN_UNUSED_FUNCTION = YES;
				GCC_WARN_UNUSED_VARIABLE = YES;
				IPHONEOS_DEPLOYMENT_TARGET = 11.2;
				MTL_ENABLE_DEBUG_INFO = NO;
				SDKROOT = iphoneos;
				VALIDATE_PRODUCT = YES;
			};
			name = Release;
		};
		E2FA97F32015E375005B1142 /* Debug */ = {
			isa = XCBuildConfiguration;
			buildSettings = {
				ASSETCATALOG_COMPILER_APPICON_NAME = AppIcon;
				CODE_SIGN_STYLE = Automatic;
				INFOPLIST_FILE = WPong/Info.plist;
				LD_RUNPATH_SEARCH_PATHS = "$(inherited) @executable_path/Frameworks";
				PRODUCT_BUNDLE_IDENTIFIER = ben.WPong;
				PRODUCT_NAME = "$(TARGET_NAME)";
				TARGETED_DEVICE_FAMILY = "1,2";
			};
			name = Debug;
		};
		E2FA97F42015E375005B1142 /* Release */ = {
			isa = XCBuildConfiguration;
			buildSettings = {
				ASSETCATALOG_COMPILER_APPICON_NAME = AppIcon;
				CODE_SIGN_STYLE = Automatic;
				INFOPLIST_FILE = WPong/Info.plist;
				LD_RUNPATH_SEARCH_PATHS = "$(inherited) @executable_path/Frameworks";
				PRODUCT_BUNDLE_IDENTIFIER = ben.WPong;
				PRODUCT_NAME = "$(TARGET_NAME)";
				TARGETED_DEVICE_FAMILY = "1,2";
			};
			name = Release;
		};
/* End XCBuildConfiguration section */

/* Begin XCConfigurationList section */
		E2FA97D72015E375005B1142 /* Build configuration list for PBXProject "WPong" */ = {
			isa = XCConfigurationList;
			buildConfigurations = (
				E2FA97F02015E375005B1142 /* Debug */,
				E2FA97F12015E375005B1142 /* Release */,
			);
			defaultConfigurationIsVisible = 0;
			defaultConfigurationName = Release;
		};
		E2FA97F22015E375005B1142 /* Build configuration list for PBXNativeTarget "WPong" */ = {
			isa = XCConfigurationList;
			buildConfigurations = (
				E2FA97F32015E375005B1142 /* Debug */,
				E2FA97F42015E375005B1142 /* Release */,
			);
			defaultConfigurationIsVisible = 0;
			defaultConfigurationName = Release;
		};
/* End XCConfigurationList section */
	};
	rootObject = E2FA97D42015E375005B1142 /* Project object */;
}
